<?xml version="1.0" encoding="utf-8"?>
<Project ToolsVersion="4.0" xmlns="http://schemas.microsoft.com/developer/msbuild/2003">
  <ItemGroup>
    <Filter Include="catch">
      <UniqueIdentifier>{f5886400-2a69-4b5b-b076-4018bf952409}</UniqueIdentifier>
    </Filter>
    <Filter Include="mock">
      <UniqueIdentifier>{da8d249b-1db3-4dbd-9f91-63b2f910f512}</UniqueIdentifier>
    </Filter>
    <Filter Include="mock\service">
      <UniqueIdentifier>{edd5486d-93ef-4cc1-91d5-78515195fd1b}</UniqueIdentifier>
    </Filter>
    <Filter Include="mock\Core">
      <UniqueIdentifier>{091c47d3-923a-4c79-8c29-d8c1a31f9208}</UniqueIdentifier>
    </Filter>
    <Filter Include="mock\Core\Service">
      <UniqueIdentifier>{478886dc-5098-4541-908a-6d3a4da6f9b3}</UniqueIdentifier>
    </Filter>
  </ItemGroup>
  <ItemGroup>
    <Text Include="catch\about_catch2.txt">
      <Filter>catch</Filter>
    </Text>
  </ItemGroup>
  <ItemGroup>
    <ClCompile Include="catch\catch_amalgamated.cpp">
      <Filter>catch</Filter>
    </ClCompile>
    <ClCompile Include="mock\service\HUDMock.cpp">
      <Filter>mock\service</Filter>
    </ClCompile>
    <ClCompile Include="mock\service\RetroPlatformWrapperMock.cpp">
      <Filter>mock\service</Filter>
    </ClCompile>
    <ClCompile Include="TestBootstrap.cpp" />
    <ClCompile Include="mock\Core\Service\LogMock.cpp">
      <Filter>mock\Core\Service</Filter>
    </ClCompile>
    <ClCompile Include="mock\Core\Service\FileInformationMock.cpp">
      <Filter>mock\Core\Service</Filter>
    </ClCompile>
  </ItemGroup>
  <ItemGroup>
    <ClInclude Include="catch\catch_amalgamated.hpp">
      <Filter>catch</Filter>
    </ClInclude>
    <ClInclude Include="mock\service\HUDMock.h">
      <Filter>mock\service</Filter>
    </ClInclude>
    <ClInclude Include="mock\service\RetroPlatformWrapperMock.h">
      <Filter>mock\service</Filter>
    </ClInclude>
    <ClInclude Include="TestBootstrap.h" />
    <ClInclude Include="mock\Core\Service\LogMock.h">
      <Filter>mock\Core\Service</Filter>
    </ClInclude>
    <ClInclude Include="mock\Core\Service\FileInformationMock.h">
      <Filter>mock\Core\Service</Filter>
    </ClInclude>
  </ItemGroup>
</Project>