Microsoft Visual Studio Solution File, Format Version 12.00
# Visual Studio Version 17
VisualStudioVersion = 17.6.33829.357
MinimumVisualStudioVersion = 10.0.40219.1
Project("{8BC9CEB8-8B4A-11D0-8D11-00A0C91BC942}") = "WinFellow", "WinFellow\WinFellow.vcxproj", "{B7683EB0-2BCD-40C5-BF39-57D896269140}"
EndProject
Project("{8BC9CEB8-8B4A-11D0-8D11-00A0C91BC942}") = "WinFellow.Core", "WinFellow.Core\WinFellow.Core.vcxproj", "{4DE2D749-C890-4C60-847D-FED10C4DAD40}"
EndProject
Project("{8BC9CEB8-8B4A-11D0-8D11-00A0C91BC942}") = "WinFellow.Core.Tests", "WinFellow.Core.Tests\WinFellow.Core.Tests.vcxproj", "{1C8BE09A-0354-425C-BE57-73206DFAFE60}"
EndProject
Project("{8BC9CEB8-8B4A-11D0-8D11-00A0C91BC942}") = "WinFellow.Generate68k", "WinFellow.Generate68k\WinFellow.Generate68k.vcxproj", "{96C88A01-1EBD-4B93-BB70-CF96C8F5F158}"
EndProject
Project("{8BC9CEB8-8B4A-11D0-8D11-00A0C91BC942}") = "WinFellow.Hardfile", "WinFellow.Hardfile\WinFellow.Hardfile.vcxproj", "{4AB5C2B7-FA35-46BE-82CA-97D5874C9333}"
EndProject
Project("{8BC9CEB8-8B4A-11D0-8D11-00A0C91BC942}") = "WinFellow.Hardfile.Tests", "WinFellow.Hardfile.Tests\WinFellow.Hardfile.Tests.vcxproj", "{41DF3D08-A628-46FA-90F9-54BFB131CE36}"
EndProject
Project("{8BC9CEB8-8B4A-11D0-8D11-00A0C91BC942}") = "WinFellow.Test.Infrastructure", "WinFellow.Test.Infrastructure\WinFellow.Test.Infrastructure.vcxproj", "{04390558-960C-4ACB-B98B-87A2047CD69D}"
EndProject
Project("{2150E333-8FDC-42A3-9474-1A3956D46DE8}") = "Solution Items", "Solution Items", "{858906C7-361C-41C0-A849-8EE2CE05D8E4}"
	ProjectSection(SolutionItems) = preProject
		Tests.runsettings = Tests.runsettings
	EndProjectSection
EndProject
Global
	GlobalSection(SolutionConfigurationPlatforms) = preSolution
		Debug|ARM64 = Debug|ARM64
		Debug|x64 = Debug|x64
		Debug|x86 = Debug|x86
		Release|ARM64 = Release|ARM64
		Release|x64 = Release|x64
		Release|x86 = Release|x86
	EndGlobalSection
	GlobalSection(ProjectConfigurationPlatforms) = postSolution
		{B7683EB0-2BCD-40C5-BF39-57D896269140}.Debug|ARM64.ActiveCfg = Debug|ARM64
		{B7683EB0-2BCD-40C5-BF39-57D896269140}.Debug|ARM64.Build.0 = Debug|ARM64
		{B7683EB0-2BCD-40C5-BF39-57D896269140}.Debug|x64.ActiveCfg = Debug|x64
		{B7683EB0-2BCD-40C5-BF39-57D896269140}.Debug|x64.Build.0 = Debug|x64
		{B7683EB0-2BCD-40C5-BF39-57D896269140}.Debug|x86.ActiveCfg = Debug|Win32
		{B7683EB0-2BCD-40C5-BF39-57D896269140}.Debug|x86.Build.0 = Debug|Win32
		{B7683EB0-2BCD-40C5-BF39-57D896269140}.Release|ARM64.ActiveCfg = Release|ARM64
		{B7683EB0-2BCD-40C5-BF39-57D896269140}.Release|ARM64.Build.0 = Release|ARM64
		{B7683EB0-2BCD-40C5-BF39-57D896269140}.Release|x64.ActiveCfg = Release|x64
		{B7683EB0-2BCD-40C5-BF39-57D896269140}.Release|x64.Build.0 = Release|x64
		{B7683EB0-2BCD-40C5-BF39-57D896269140}.Release|x86.ActiveCfg = Release|Win32
		{B7683EB0-2BCD-40C5-BF39-57D896269140}.Release|x86.Build.0 = Release|Win32
		{4DE2D749-C890-4C60-847D-FED10C4DAD40}.Debug|ARM64.ActiveCfg = Debug|ARM64
		{4DE2D749-C890-4C60-847D-FED10C4DAD40}.Debug|ARM64.Build.0 = Debug|ARM64
		{4DE2D749-C890-4C60-847D-FED10C4DAD40}.Debug|x64.ActiveCfg = Debug|x64
		{4DE2D749-C890-4C60-847D-FED10C4DAD40}.Debug|x64.Build.0 = Debug|x64
		{4DE2D749-C890-4C60-847D-FED10C4DAD40}.Debug|x86.ActiveCfg = Debug|Win32
		{4DE2D749-C890-4C60-847D-FED10C4DAD40}.Debug|x86.Build.0 = Debug|Win32
		{4DE2D749-C890-4C60-847D-FED10C4DAD40}.Release|ARM64.ActiveCfg = Release|ARM64
		{4DE2D749-C890-4C60-847D-FED10C4DAD40}.Release|ARM64.Build.0 = Release|ARM64
		{4DE2D749-C890-4C60-847D-FED10C4DAD40}.Release|x64.ActiveCfg = Release|x64
		{4DE2D749-C890-4C60-847D-FED10C4DAD40}.Release|x64.Build.0 = Release|x64
		{4DE2D749-C890-4C60-847D-FED10C4DAD40}.Release|x86.ActiveCfg = Release|Win32
		{4DE2D749-C890-4C60-847D-FED10C4DAD40}.Release|x86.Build.0 = Release|Win32
		{1C8BE09A-0354-425C-BE57-73206DFAFE60}.Debug|ARM64.ActiveCfg = Debug|ARM64
		{1C8BE09A-0354-425C-BE57-73206DFAFE60}.Debug|ARM64.Build.0 = Debug|ARM64
		{1C8BE09A-0354-425C-BE57-73206DFAFE60}.Debug|x64.ActiveCfg = Debug|x64
		{1C8BE09A-0354-425C-BE57-73206DFAFE60}.Debug|x64.Build.0 = Debug|x64
		{1C8BE09A-0354-425C-BE57-73206DFAFE60}.Debug|x86.ActiveCfg = Debug|Win32
		{1C8BE09A-0354-425C-BE57-73206DFAFE60}.Debug|x86.Build.0 = Debug|Win32
		{1C8BE09A-0354-425C-BE57-73206DFAFE60}.Release|ARM64.ActiveCfg = Release|ARM64
		{1C8BE09A-0354-425C-BE57-73206DFAFE60}.Release|ARM64.Build.0 = Release|ARM64
		{1C8BE09A-0354-425C-BE57-73206DFAFE60}.Release|x64.ActiveCfg = Release|x64
		{1C8BE09A-0354-425C-BE57-73206DFAFE60}.Release|x64.Build.0 = Release|x64
		{1C8BE09A-0354-425C-BE57-73206DFAFE60}.Release|x86.ActiveCfg = Release|Win32
		{1C8BE09A-0354-425C-BE57-73206DFAFE60}.Release|x86.Build.0 = Release|Win32
		{96C88A01-1EBD-4B93-BB70-CF96C8F5F158}.Debug|ARM64.ActiveCfg = Debug|ARM64
		{96C88A01-1EBD-4B93-BB70-CF96C8F5F158}.Debug|ARM64.Build.0 = Debug|ARM64
		{96C88A01-1EBD-4B93-BB70-CF96C8F5F158}.Debug|x64.ActiveCfg = Debug|x64
		{96C88A01-1EBD-4B93-BB70-CF96C8F5F158}.Debug|x64.Build.0 = Debug|x64
		{96C88A01-1EBD-4B93-BB70-CF96C8F5F158}.Debug|x86.ActiveCfg = Debug|Win32
		{96C88A01-1EBD-4B93-BB70-CF96C8F5F158}.Debug|x86.Build.0 = Debug|Win32
		{96C88A01-1EBD-4B93-BB70-CF96C8F5F158}.Release|ARM64.ActiveCfg = Release|ARM64
		{96C88A01-1EBD-4B93-BB70-CF96C8F5F158}.Release|ARM64.Build.0 = Release|ARM64
		{96C88A01-1EBD-4B93-BB70-CF96C8F5F158}.Release|x64.ActiveCfg = Release|x64
		{96C88A01-1EBD-4B93-BB70-CF96C8F5F158}.Release|x64.Build.0 = Release|x64
		{96C88A01-1EBD-4B93-BB70-CF96C8F5F158}.Release|x86.ActiveCfg = Release|Win32
		{96C88A01-1EBD-4B93-BB70-CF96C8F5F158}.Release|x86.Build.0 = Release|Win32
		{4AB5C2B7-FA35-46BE-82CA-97D5874C9333}.Debug|ARM64.ActiveCfg = Debug|ARM64
		{4AB5C2B7-FA35-46BE-82CA-97D5874C9333}.Debug|ARM64.Build.0 = Debug|ARM64
		{4AB5C2B7-FA35-46BE-82CA-97D5874C9333}.Debug|x64.ActiveCfg = Debug|x64
		{4AB5C2B7-FA35-46BE-82CA-97D5874C9333}.Debug|x64.Build.0 = Debug|x64
		{4AB5C2B7-FA35-46BE-82CA-97D5874C9333}.Debug|x86.ActiveCfg = Debug|Win32
		{4AB5C2B7-FA35-46BE-82CA-97D5874C9333}.Debug|x86.Build.0 = Debug|Win32
		{4AB5C2B7-FA35-46BE-82CA-97D5874C9333}.Release|ARM64.ActiveCfg = Release|ARM64
		{4AB5C2B7-FA35-46BE-82CA-97D5874C9333}.Release|ARM64.Build.0 = Release|ARM64
		{4AB5C2B7-FA35-46BE-82CA-97D5874C9333}.Release|x64.ActiveCfg = Release|x64
		{4AB5C2B7-FA35-46BE-82CA-97D5874C9333}.Release|x64.Build.0 = Release|x64
		{4AB5C2B7-FA35-46BE-82CA-97D5874C9333}.Release|x86.ActiveCfg = Release|Win32
		{4AB5C2B7-FA35-46BE-82CA-97D5874C9333}.Release|x86.Build.0 = Release|Win32
		{41DF3D08-A628-46FA-90F9-54BFB131CE36}.Debug|ARM64.ActiveCfg = Debug|ARM64
		{41DF3D08-A628-46FA-90F9-54BFB131CE36}.Debug|ARM64.Build.0 = Debug|ARM64
		{41DF3D08-A628-46FA-90F9-54BFB131CE36}.Debug|x64.ActiveCfg = Debug|x64
		{41DF3D08-A628-46FA-90F9-54BFB131CE36}.Debug|x64.Build.0 = Debug|x64
		{41DF3D08-A628-46FA-90F9-54BFB131CE36}.Debug|x86.ActiveCfg = Debug|Win32
		{41DF3D08-A628-46FA-90F9-54BFB131CE36}.Debug|x86.Build.0 = Debug|Win32
		{41DF3D08-A628-46FA-90F9-54BFB131CE36}.Release|ARM64.ActiveCfg = Release|ARM64
		{41DF3D08-A628-46FA-90F9-54BFB131CE36}.Release|ARM64.Build.0 = Release|ARM64
		{41DF3D08-A628-46FA-90F9-54BFB131CE36}.Release|x64.ActiveCfg = Release|x64
		{41DF3D08-A628-46FA-90F9-54BFB131CE36}.Release|x64.Build.0 = Release|x64
		{41DF3D08-A628-46FA-90F9-54BFB131CE36}.Release|x86.ActiveCfg = Release|Win32
		{41DF3D08-A628-46FA-90F9-54BFB131CE36}.Release|x86.Build.0 = Release|Win32
		{04390558-960C-4ACB-B98B-87A2047CD69D}.Debug|ARM64.ActiveCfg = Debug|ARM64
		{04390558-960C-4ACB-B98B-87A2047CD69D}.Debug|ARM64.Build.0 = Debug|ARM64
		{04390558-960C-4ACB-B98B-87A2047CD69D}.Debug|x64.ActiveCfg = Debug|x64
		{04390558-960C-4ACB-B98B-87A2047CD69D}.Debug|x64.Build.0 = Debug|x64
		{04390558-960C-4ACB-B98B-87A2047CD69D}.Debug|x86.ActiveCfg = Debug|Win32
		{04390558-960C-4ACB-B98B-87A2047CD69D}.Debug|x86.Build.0 = Debug|Win32
		{04390558-960C-4ACB-B98B-87A2047CD69D}.Release|ARM64.ActiveCfg = Release|ARM64
		{04390558-960C-4ACB-B98B-87A2047CD69D}.Release|ARM64.Build.0 = Release|ARM64
		{04390558-960C-4ACB-B98B-87A2047CD69D}.Release|x64.ActiveCfg = Release|x64
		{04390558-960C-4ACB-B98B-87A2047CD69D}.Release|x64.Build.0 = Release|x64
		{04390558-960C-4ACB-B98B-87A2047CD69D}.Release|x86.ActiveCfg = Release|Win32
		{04390558-960C-4ACB-B98B-87A2047CD69D}.Release|x86.Build.0 = Release|Win32
	EndGlobalSection
	GlobalSection(SolutionProperties) = preSolution
		HideSolutionNode = FALSE
	EndGlobalSection
	GlobalSection(ExtensibilityGlobals) = postSolution
		SolutionGuid = {AF8743D2-C44C-4A01-B298-805D4330E674}
	EndGlobalSection
EndGlobal
