<?xml version="1.0" encoding="utf-8"?>
<Project ToolsVersion="4.0" xmlns="http://schemas.microsoft.com/developer/msbuild/2003">
  <ItemGroup>
    <Filter Include="Resource Files">
      <UniqueIdentifier>{67DA6AB6-F800-4c08-8B7A-83BB121AAD01}</UniqueIdentifier>
      <Extensions>rc;ico;cur;bmp;dlg;rc2;rct;bin;rgs;gif;jpg;jpeg;jpe;resx;tiff;tif;png;wav;mfcribbon-ms</Extensions>
    </Filter>
    <Filter Include="fellow">
      <UniqueIdentifier>{74ae2e31-a601-4570-872d-819671255753}</UniqueIdentifier>
    </Filter>
    <Filter Include="fellow\hardfile">
      <UniqueIdentifier>{4094ee60-9609-482c-8453-a98a85cf6310}</UniqueIdentifier>
    </Filter>
    <Filter Include="fellow\hardfile\rdb">
      <UniqueIdentifier>{e567e223-2691-454e-ab4e-b327ae2e184e}</UniqueIdentifier>
    </Filter>
    <Filter Include="fellow\hardfile\hunks">
      <UniqueIdentifier>{a05ff857-fe33-4e60-a8d4-70a312beefb4}</UniqueIdentifier>
    </Filter>
  </ItemGroup>
  <ItemGroup>
    <ClInclude Include="..\..\..\fellow\hardfile\hunks\AdditionalHunk.h">
      <Filter>fellow\hardfile\hunks</Filter>
    </ClInclude>
    <ClInclude Include="..\..\..\fellow\hardfile\hunks\BSSHunk.h">
      <Filter>fellow\hardfile\hunks</Filter>
    </ClInclude>
    <ClInclude Include="..\..\..\fellow\hardfile\hunks\CodeHunk.h">
      <Filter>fellow\hardfile\hunks</Filter>
    </ClInclude>
    <ClInclude Include="..\..\..\fellow\hardfile\hunks\DataHunk.h">
      <Filter>fellow\hardfile\hunks</Filter>
    </ClInclude>
    <ClInclude Include="..\..\..\fellow\hardfile\hunks\EndHunk.h">
      <Filter>fellow\hardfile\hunks</Filter>
    </ClInclude>
    <ClInclude Include="..\..\..\fellow\hardfile\hunks\FileImage.h">
      <Filter>fellow\hardfile\hunks</Filter>
    </ClInclude>
    <ClInclude Include="..\..\..\fellow\hardfile\hunks\HeaderHunk.h">
      <Filter>fellow\hardfile\hunks</Filter>
    </ClInclude>
    <ClInclude Include="..\..\..\fellow\hardfile\hunks\HunkBase.h">
      <Filter>fellow\hardfile\hunks</Filter>
    </ClInclude>
    <ClInclude Include="..\..\..\fellow\hardfile\hunks\HunkFactory.h">
      <Filter>fellow\hardfile\hunks</Filter>
    </ClInclude>
    <ClInclude Include="..\..\..\fellow\hardfile\hunks\HunkID.h">
      <Filter>fellow\hardfile\hunks</Filter>
    </ClInclude>
    <ClInclude Include="..\..\..\fellow\hardfile\hunks\HunkParser.h">
      <Filter>fellow\hardfile\hunks</Filter>
    </ClInclude>
    <ClInclude Include="..\..\..\fellow\hardfile\hunks\HunkSize.h">
      <Filter>fellow\hardfile\hunks</Filter>
    </ClInclude>
    <ClInclude Include="..\..\..\fellow\hardfile\hunks\InitialHunk.h">
      <Filter>fellow\hardfile\hunks</Filter>
    </ClInclude>
    <ClInclude Include="..\..\..\fellow\hardfile\hunks\RawDataReader.h">
      <Filter>fellow\hardfile\hunks</Filter>
    </ClInclude>
    <ClInclude Include="..\..\..\fellow\hardfile\hunks\Reloc32Hunk.h">
      <Filter>fellow\hardfile\hunks</Filter>
    </ClInclude>
    <ClInclude Include="..\..\..\fellow\hardfile\hunks\Reloc32OffsetTable.h">
      <Filter>fellow\hardfile\hunks</Filter>
    </ClInclude>
    <ClInclude Include="..\..\..\fellow\hardfile\rdb\RDB.h">
      <Filter>fellow\hardfile\rdb</Filter>
    </ClInclude>
    <ClInclude Include="..\..\..\fellow\hardfile\rdb\RDBFileReader.h">
      <Filter>fellow\hardfile\rdb</Filter>
    </ClInclude>
    <ClInclude Include="..\..\..\fellow\hardfile\rdb\RDBFileSystemHandler.h">
      <Filter>fellow\hardfile\rdb</Filter>
    </ClInclude>
    <ClInclude Include="..\..\..\fellow\hardfile\rdb\RDBFileSystemHeader.h">
      <Filter>fellow\hardfile\rdb</Filter>
    </ClInclude>
    <ClInclude Include="..\..\..\fellow\hardfile\rdb\RDBHandler.h">
      <Filter>fellow\hardfile\rdb</Filter>
    </ClInclude>
    <ClInclude Include="..\..\..\fellow\hardfile\rdb\RDBLSegBlock.h">
      <Filter>fellow\hardfile\rdb</Filter>
    </ClInclude>
    <ClInclude Include="..\..\..\fellow\hardfile\rdb\RDBPartition.h">
      <Filter>fellow\hardfile\rdb</Filter>
    </ClInclude>
    <ClInclude Include="..\..\..\fellow\hardfile\HardfileHandler.h">
      <Filter>fellow\hardfile</Filter>
    </ClInclude>
    <ClInclude Include="..\..\..\fellow\hardfile\HardfileStructs.h">
      <Filter>fellow\hardfile</Filter>
    </ClInclude>
    <ClInclude Include="..\..\..\fellow\hardfile\hunks\HunkRelocator.h">
      <Filter>fellow\hardfile\hunks</Filter>
    </ClInclude>
    <ClInclude Include="..\..\..\fellow\hardfile\rdb\CheckSumCalculator.h">
      <Filter>fellow\hardfile\rdb</Filter>
    </ClInclude>
  </ItemGroup>
  <ItemGroup>
    <ClCompile Include="..\..\..\fellow\hardfile\hunks\BSSHunk.cpp">
      <Filter>fellow\hardfile\hunks</Filter>
    </ClCompile>
    <ClCompile Include="..\..\..\fellow\hardfile\hunks\CodeHunk.cpp">
      <Filter>fellow\hardfile\hunks</Filter>
    </ClCompile>
    <ClCompile Include="..\..\..\fellow\hardfile\hunks\DataHunk.cpp">
      <Filter>fellow\hardfile\hunks</Filter>
    </ClCompile>
    <ClCompile Include="..\..\..\fellow\hardfile\hunks\EndHunk.cpp">
      <Filter>fellow\hardfile\hunks</Filter>
    </ClCompile>
    <ClCompile Include="..\..\..\fellow\hardfile\hunks\FileImage.cpp">
      <Filter>fellow\hardfile\hunks</Filter>
    </ClCompile>
    <ClCompile Include="..\..\..\fellow\hardfile\hunks\HeaderHunk.cpp">
      <Filter>fellow\hardfile\hunks</Filter>
    </ClCompile>
    <ClCompile Include="..\..\..\fellow\hardfile\hunks\HunkFactory.cpp">
      <Filter>fellow\hardfile\hunks</Filter>
    </ClCompile>
    <ClCompile Include="..\..\..\fellow\hardfile\hunks\HunkParser.cpp">
      <Filter>fellow\hardfile\hunks</Filter>
    </ClCompile>
    <ClCompile Include="..\..\..\fellow\hardfile\hunks\HunkSize.cpp">
      <Filter>fellow\hardfile\hunks</Filter>
    </ClCompile>
    <ClCompile Include="..\..\..\fellow\hardfile\hunks\InitialHunk.cpp">
      <Filter>fellow\hardfile\hunks</Filter>
    </ClCompile>
    <ClCompile Include="..\..\..\fellow\hardfile\hunks\RawDataReader.cpp">
      <Filter>fellow\hardfile\hunks</Filter>
    </ClCompile>
    <ClCompile Include="..\..\..\fellow\hardfile\hunks\Reloc32Hunk.cpp">
      <Filter>fellow\hardfile\hunks</Filter>
    </ClCompile>
    <ClCompile Include="..\..\..\fellow\hardfile\hunks\Reloc32OffsetTable.cpp">
      <Filter>fellow\hardfile\hunks</Filter>
    </ClCompile>
    <ClCompile Include="..\..\..\fellow\hardfile\rdb\RDB.cpp">
      <Filter>fellow\hardfile\rdb</Filter>
    </ClCompile>
    <ClCompile Include="..\..\..\fellow\hardfile\rdb\RDBFileReader.cpp">
      <Filter>fellow\hardfile\rdb</Filter>
    </ClCompile>
    <ClCompile Include="..\..\..\fellow\hardfile\rdb\RDBFileSystemHandler.cpp">
      <Filter>fellow\hardfile\rdb</Filter>
    </ClCompile>
    <ClCompile Include="..\..\..\fellow\hardfile\rdb\RDBFileSystemHeader.cpp">
      <Filter>fellow\hardfile\rdb</Filter>
    </ClCompile>
    <ClCompile Include="..\..\..\fellow\hardfile\rdb\RDBHandler.cpp">
      <Filter>fellow\hardfile\rdb</Filter>
    </ClCompile>
    <ClCompile Include="..\..\..\fellow\hardfile\rdb\RDBLSegBlock.cpp">
      <Filter>fellow\hardfile\rdb</Filter>
    </ClCompile>
    <ClCompile Include="..\..\..\fellow\hardfile\rdb\RDBPartition.cpp">
      <Filter>fellow\hardfile\rdb</Filter>
    </ClCompile>
    <ClCompile Include="..\..\..\fellow\hardfile\HardfileHandler.cpp">
      <Filter>fellow\hardfile</Filter>
    </ClCompile>
    <ClCompile Include="..\..\..\fellow\hardfile\HardfileStructs.cpp">
      <Filter>fellow\hardfile</Filter>
    </ClCompile>
    <ClCompile Include="..\..\..\fellow\hardfile\hunks\AdditionalHunk.cpp">
      <Filter>fellow\hardfile\hunks</Filter>
    </ClCompile>
    <ClCompile Include="..\..\..\fellow\hardfile\hunks\HunkRelocator.cpp">
      <Filter>fellow\hardfile\hunks</Filter>
    </ClCompile>
    <ClCompile Include="..\..\..\fellow\hardfile\rdb\CheckSumCalculator.cpp">
      <Filter>fellow\hardfile\rdb</Filter>
    </ClCompile>
  </ItemGroup>
</Project>