<?xml version="1.0" encoding="utf-8"?>
<Project ToolsVersion="4.0" xmlns="http://schemas.microsoft.com/developer/msbuild/2003">
  <ItemGroup>
    <Filter Include="Source Files">
      <UniqueIdentifier>{4FC737F1-C7A5-4376-A066-2A32D752A2FF}</UniqueIdentifier>
      <Extensions>cpp;c;cc;cxx;def;odl;idl;hpj;bat;asm;asmx</Extensions>
    </Filter>
    <Filter Include="Header Files">
      <UniqueIdentifier>{93995380-89BD-4b04-88EB-625FBE52EBFB}</UniqueIdentifier>
      <Extensions>h;hh;hpp;hxx;hm;inl;inc;xsd</Extensions>
    </Filter>
    <Filter Include="Resource Files">
      <UniqueIdentifier>{67DA6AB6-F800-4c08-8B7A-83BB121AAD01}</UniqueIdentifier>
      <Extensions>rc;ico;cur;bmp;dlg;rc2;rct;bin;rgs;gif;jpg;jpeg;jpe;resx;tiff;tif;png;wav;mfcribbon-ms</Extensions>
    </Filter>
  </ItemGroup>
  <ItemGroup>
    <Text Include="ReadMe.txt" />
  </ItemGroup>
  <ItemGroup>
    <ClInclude Include="stdafx.h">
      <Filter>Header Files</Filter>
    </ClInclude>
    <ClInclude Include="targetver.h">
      <Filter>Header Files</Filter>
    </ClInclude>
    <ClInclude Include="config.h">
      <Filter>Source Files</Filter>
    </ClInclude>
    <ClInclude Include="debug.h">
      <Filter>Source Files</Filter>
    </ClInclude>
    <ClInclude Include="m68k-tester.h">
      <Filter>Source Files</Filter>
    </ClInclude>
    <ClInclude Include="sysdeps.h">
      <Filter>Source Files</Filter>
    </ClInclude>
    <ClInclude Include="vm_alloc.h">
      <Filter>Source Files</Filter>
    </ClInclude>
    <ClInclude Include="fmem.h">
      <Filter>Header Files</Filter>
    </ClInclude>
    <ClInclude Include="DEFS.H">
      <Filter>Header Files</Filter>
    </ClInclude>
    <ClInclude Include="fileops.h">
      <Filter>Header Files</Filter>
    </ClInclude>
    <ClInclude Include="uae2fell.h">
      <Filter>Header Files</Filter>
    </ClInclude>
    <ClInclude Include="CpuModule.h">
      <Filter>Header Files</Filter>
    </ClInclude>
    <ClInclude Include="CpuModule_Code.h">
      <Filter>Header Files</Filter>
    </ClInclude>
    <ClInclude Include="CpuModule_Data.h">
      <Filter>Header Files</Filter>
    </ClInclude>
    <ClInclude Include="CpuModule_Decl.h">
      <Filter>Header Files</Filter>
    </ClInclude>
    <ClInclude Include="CpuModule_Disassembler.h">
      <Filter>Header Files</Filter>
    </ClInclude>
    <ClInclude Include="CpuModule_DisassemblerFunc.h">
      <Filter>Header Files</Filter>
    </ClInclude>
    <ClInclude Include="CpuModule_Internal.h">
      <Filter>Header Files</Filter>
    </ClInclude>
    <ClInclude Include="CpuModule_Profile.h">
      <Filter>Header Files</Filter>
    </ClInclude>
  </ItemGroup>
  <ItemGroup>
    <ClCompile Include="stdafx.cpp">
      <Filter>Source Files</Filter>
    </ClCompile>
    <ClCompile Include="M68KTester.cpp">
      <Filter>Source Files</Filter>
    </ClCompile>
    <ClCompile Include="m68k-tester.cpp">
      <Filter>Source Files</Filter>
    </ClCompile>
    <ClCompile Include="vm_alloc.cpp">
      <Filter>Source Files</Filter>
    </ClCompile>
    <ClCompile Include="CpuModule.c">
      <Filter>Source Files</Filter>
    </ClCompile>
    <ClCompile Include="CpuModule_Disassembler.c">
      <Filter>Source Files</Filter>
    </ClCompile>
    <ClCompile Include="CpuModule_EffectiveAddress.c">
      <Filter>Source Files</Filter>
    </ClCompile>
    <ClCompile Include="CpuModule_Exceptions.c">
      <Filter>Source Files</Filter>
    </ClCompile>
    <ClCompile Include="CpuModule_Flags.c">
      <Filter>Source Files</Filter>
    </ClCompile>
    <ClCompile Include="CpuModule_Instructions.c">
      <Filter>Source Files</Filter>
    </ClCompile>
    <ClCompile Include="CpuModule_InternalState.c">
      <Filter>Source Files</Filter>
    </ClCompile>
    <ClCompile Include="CpuModule_Interrupts.c">
      <Filter>Source Files</Filter>
    </ClCompile>
    <ClCompile Include="CpuModule_Logging.c">
      <Filter>Source Files</Filter>
    </ClCompile>
    <ClCompile Include="CpuModule_StackFrameGen.c">
      <Filter>Source Files</Filter>
    </ClCompile>
    <ClCompile Include="m68k-tester-fellow.cpp">
      <Filter>Source Files</Filter>
    </ClCompile>
  </ItemGroup>
</Project>