<?xml version="1.0" encoding="utf-8"?>
<Project ToolsVersion="4.0" xmlns="http://schemas.microsoft.com/developer/msbuild/2003">
  <ItemGroup>
    <Filter Include="Source Files">
      <UniqueIdentifier>{4FC737F1-C7A5-4376-A066-2A32D752A2FF}</UniqueIdentifier>
      <Extensions>cpp;c;cc;cxx;def;odl;idl;hpj;bat;asm;asmx</Extensions>
    </Filter>
    <Filter Include="Header Files">
      <UniqueIdentifier>{93995380-89BD-4b04-88EB-625FBE52EBFB}</UniqueIdentifier>
      <Extensions>h;hh;hpp;hxx;hm;inl;inc;xsd</Extensions>
    </Filter>
    <Filter Include="Resource Files">
      <UniqueIdentifier>{67DA6AB6-F800-4c08-8B7A-83BB121AAD01}</UniqueIdentifier>
      <Extensions>rc;ico;cur;bmp;dlg;rc2;rct;bin;rgs;gif;jpg;jpeg;jpe;resx;tiff;tif;png;wav;mfcribbon-ms</Extensions>
    </Filter>
    <Filter Include="CPU Core">
      <UniqueIdentifier>{c1053b3d-6212-4a49-8dd5-55e4ff981d22}</UniqueIdentifier>
    </Filter>
  </ItemGroup>
  <ItemGroup>
    <ClInclude Include="targetver.h">
      <Filter>Header Files</Filter>
    </ClInclude>
    <ClInclude Include="config.h">
      <Filter>Source Files</Filter>
    </ClInclude>
    <ClInclude Include="debug.h">
      <Filter>Source Files</Filter>
    </ClInclude>
    <ClInclude Include="m68k-tester.h">
      <Filter>Source Files</Filter>
    </ClInclude>
    <ClInclude Include="sysdeps.h">
      <Filter>Source Files</Filter>
    </ClInclude>
    <ClInclude Include="..\INCLUDE\CpuModule.h">
      <Filter>CPU Core</Filter>
    </ClInclude>
    <ClInclude Include="..\INCLUDE\CpuModule_Code.h">
      <Filter>CPU Core</Filter>
    </ClInclude>
    <ClInclude Include="..\INCLUDE\CpuModule_Data.h">
      <Filter>CPU Core</Filter>
    </ClInclude>
    <ClInclude Include="..\INCLUDE\CpuModule_Decl.h">
      <Filter>CPU Core</Filter>
    </ClInclude>
    <ClInclude Include="..\INCLUDE\CpuModule_Disassembler.h">
      <Filter>CPU Core</Filter>
    </ClInclude>
    <ClInclude Include="..\INCLUDE\CpuModule_DisassemblerFunc.h">
      <Filter>CPU Core</Filter>
    </ClInclude>
    <ClInclude Include="..\INCLUDE\CpuModule_Internal.h">
      <Filter>CPU Core</Filter>
    </ClInclude>
    <ClInclude Include="..\INCLUDE\CpuModule_Profile.h">
      <Filter>CPU Core</Filter>
    </ClInclude>
    <ClInclude Include="..\INCLUDE\DEFS.H">
      <Filter>CPU Core</Filter>
    </ClInclude>
    <ClInclude Include="..\WIN32\INCLUDE\MSVC\PORTABLE.H">
      <Filter>CPU Core</Filter>
    </ClInclude>
    <ClInclude Include="FMEM_TEST.H">
      <Filter>Header Files</Filter>
    </ClInclude>
    <ClInclude Include="..\INCLUDE\CpuModule_Memory.h">
      <Filter>CPU Core</Filter>
    </ClInclude>
  </ItemGroup>
  <ItemGroup>
    <ClCompile Include="m68k-tester.cpp">
      <Filter>Source Files</Filter>
    </ClCompile>
    <ClCompile Include="m68k-tester-fellow.cpp">
      <Filter>Source Files</Filter>
    </ClCompile>
    <ClCompile Include="..\C\CpuModule.c">
      <Filter>CPU Core</Filter>
    </ClCompile>
    <ClCompile Include="..\C\CpuModule_Disassembler.c">
      <Filter>CPU Core</Filter>
    </ClCompile>
    <ClCompile Include="..\C\CpuModule_EffectiveAddress.c">
      <Filter>CPU Core</Filter>
    </ClCompile>
    <ClCompile Include="..\C\CpuModule_Exceptions.c">
      <Filter>CPU Core</Filter>
    </ClCompile>
    <ClCompile Include="..\C\CpuModule_Flags.c">
      <Filter>CPU Core</Filter>
    </ClCompile>
    <ClCompile Include="..\C\CpuModule_Instructions.c">
      <Filter>CPU Core</Filter>
    </ClCompile>
    <ClCompile Include="..\C\CpuModule_InternalState.c">
      <Filter>CPU Core</Filter>
    </ClCompile>
    <ClCompile Include="..\C\CpuModule_Interrupts.c">
      <Filter>CPU Core</Filter>
    </ClCompile>
    <ClCompile Include="..\C\CpuModule_Logging.c">
      <Filter>CPU Core</Filter>
    </ClCompile>
    <ClCompile Include="..\C\CpuModule_StackFrameGen.c">
      <Filter>CPU Core</Filter>
    </ClCompile>
  </ItemGroup>
</Project>