<?xml version="1.0" encoding="utf-8"?>
<Project ToolsVersion="4.0" xmlns="http://schemas.microsoft.com/developer/msbuild/2003">
  <ItemGroup>
    <Filter Include="CustomChipset">
      <UniqueIdentifier>{f111653b-f438-4cdf-b795-9e0d0d94046e}</UniqueIdentifier>
    </Filter>
    <Filter Include="NullDriver">
      <UniqueIdentifier>{bed135ae-c425-4693-bf9c-910120ca8a7c}</UniqueIdentifier>
    </Filter>
    <Filter Include="Driver">
      <UniqueIdentifier>{1dbf3373-7ddb-4fe4-bf8d-f24b1431a434}</UniqueIdentifier>
    </Filter>
    <Filter Include="NullDriver\Sound">
      <UniqueIdentifier>{b47fa094-e13d-4cc1-8ac8-0e00113219af}</UniqueIdentifier>
    </Filter>
    <Filter Include="CustomChipset\Sound">
      <UniqueIdentifier>{852a5a3f-973b-4671-908d-06a2252bd18e}</UniqueIdentifier>
    </Filter>
    <Filter Include="VirtualHost">
      <UniqueIdentifier>{29b4dd9a-9e1c-4a2c-b6c7-80ed23d761f9}</UniqueIdentifier>
    </Filter>
    <Filter Include="Service">
      <UniqueIdentifier>{f3c41e74-a7cd-42f9-9100-12dec86693ac}</UniqueIdentifier>
    </Filter>
    <Filter Include="IO">
      <UniqueIdentifier>{c35a0995-5f62-4a9b-a67d-83090c2ef18b}</UniqueIdentifier>
    </Filter>
    <Filter Include="Module">
      <UniqueIdentifier>{2dee4ab6-e3f0-4bca-ac9f-e35102e7ce1a}</UniqueIdentifier>
    </Filter>
    <Filter Include="Module\Hardfile">
      <UniqueIdentifier>{32917180-f62e-4787-b4fc-e1387ca91014}</UniqueIdentifier>
    </Filter>
    <Filter Include="DebugApi">
      <UniqueIdentifier>{82fb5aee-8c48-4c42-8bdd-d9dc76624636}</UniqueIdentifier>
    </Filter>
  </ItemGroup>
  <ItemGroup>
    <ClInclude Include="CustomChipset\Registers.h">
      <Filter>CustomChipset</Filter>
    </ClInclude>
    <ClInclude Include="CustomChipset\RegisterUtility.h">
      <Filter>CustomChipset</Filter>
    </ClInclude>
    <ClInclude Include="Driver\Drivers.h">
      <Filter>Driver</Filter>
    </ClInclude>
    <ClInclude Include="Driver\ISoundDriver.h">
      <Filter>Driver</Filter>
    </ClInclude>
    <ClInclude Include="NullDriver\Sound\NullSound.h">
      <Filter>NullDriver\Sound</Filter>
    </ClInclude>
    <ClInclude Include="CustomChipset\Sound\SoundConfiguration.h">
      <Filter>CustomChipset\Sound</Filter>
    </ClInclude>
    <ClInclude Include="Driver\SoundDriverRuntimeConfiguration.h">
      <Filter>Driver</Filter>
    </ClInclude>
    <ClInclude Include="VirtualHost\Core.h">
      <Filter>VirtualHost</Filter>
    </ClInclude>
    <ClInclude Include="CustomChipset\Sound\Sound.h">
      <Filter>CustomChipset\Sound</Filter>
    </ClInclude>
    <ClInclude Include="CustomChipset\Sound\WavFileWriter.h">
      <Filter>CustomChipset\Sound</Filter>
    </ClInclude>
    <ClInclude Include="Service\Log.h">
      <Filter>Service</Filter>
    </ClInclude>
    <ClInclude Include="Service\IFileops.h">
      <Filter>Service</Filter>
    </ClInclude>
    <ClInclude Include="Service\ILog.h">
      <Filter>Service</Filter>
    </ClInclude>
    <ClInclude Include="IO\Uart.h">
      <Filter>IO</Filter>
    </ClInclude>
    <ClInclude Include="IO\RtcOkiMsm6242rs.h">
      <Filter>IO</Filter>
    </ClInclude>
    <ClInclude Include="Service\IFileInformation.h">
      <Filter>Service</Filter>
    </ClInclude>
    <ClInclude Include="Service\FileInformation.h">
      <Filter>Service</Filter>
    </ClInclude>
    <ClInclude Include="Defs.h" />
    <ClInclude Include="Portable.h" />
    <ClInclude Include="Module\Hardfile\IHardfileHandler.h">
      <Filter>Module\Hardfile</Filter>
    </ClInclude>
    <ClInclude Include="Module\Hardfile\HardfileGeometry.h">
      <Filter>Module\Hardfile</Filter>
    </ClInclude>
    <ClInclude Include="Module\Hardfile\HardfilePartition.h">
      <Filter>Module\Hardfile</Filter>
    </ClInclude>
    <ClInclude Include="Module\Hardfile\HardfileConfiguration.h">
      <Filter>Module\Hardfile</Filter>
    </ClInclude>
    <ClInclude Include="Module\Hardfile\RdbStatus.h">
      <Filter>Module\Hardfile</Filter>
    </ClInclude>
    <ClInclude Include="Service\IHud.h">
      <Filter>Service</Filter>
    </ClInclude>
    <ClInclude Include="Service\IRetroPlatform.h">
      <Filter>Service</Filter>
    </ClInclude>
    <ClInclude Include="DebugApi\DebugVM.h">
      <Filter>DebugApi</Filter>
    </ClInclude>
    <ClInclude Include="DebugApi\IM68K.h">
      <Filter>DebugApi</Filter>
    </ClInclude>
    <ClInclude Include="DebugApi\IMemorySystem.h">
      <Filter>DebugApi</Filter>
    </ClInclude>
    <ClInclude Include="DebugApi\M68K.h">
      <Filter>DebugApi</Filter>
    </ClInclude>
    <ClInclude Include="DebugApi\MemorySystem.h">
      <Filter>DebugApi</Filter>
    </ClInclude>
  </ItemGroup>
  <ItemGroup>
    <ClCompile Include="CustomChipset\Registers.cpp">
      <Filter>CustomChipset</Filter>
    </ClCompile>
    <ClCompile Include="CustomChipset\RegisterUtility.cpp">
      <Filter>CustomChipset</Filter>
    </ClCompile>
    <ClCompile Include="NullDriver\Sound\NullSound.cpp">
      <Filter>NullDriver\Sound</Filter>
    </ClCompile>
    <ClCompile Include="VirtualHost\Core.cpp">
      <Filter>VirtualHost</Filter>
    </ClCompile>
    <ClCompile Include="Service\Log.cpp">
      <Filter>Service</Filter>
    </ClCompile>
    <ClCompile Include="IO\RtcOkiMsm6242rs.cpp">
      <Filter>IO</Filter>
    </ClCompile>
    <ClCompile Include="Service\FileInformation.cpp">
      <Filter>Service</Filter>
    </ClCompile>
    <ClCompile Include="Module\Hardfile\HardfileGeometry.cpp">
      <Filter>Module\Hardfile</Filter>
    </ClCompile>
    <ClCompile Include="Module\Hardfile\HardfileConfiguration.cpp">
      <Filter>Module\Hardfile</Filter>
    </ClCompile>
    <ClCompile Include="DebugApi\DebugVM.cpp">
      <Filter>DebugApi</Filter>
    </ClCompile>
  </ItemGroup>
</Project>