<?xml version="1.0" encoding="utf-8"?>
<Project ToolsVersion="4.0" xmlns="http://schemas.microsoft.com/developer/msbuild/2003">
  <ItemGroup>
    <Filter Include="core C Files">
      <UniqueIdentifier>{f1233a58-3b32-4d12-b31e-b80463b2a935}</UniqueIdentifier>
      <Extensions>*.c</Extensions>
    </Filter>
    <Filter Include="core C Header Files">
      <UniqueIdentifier>{dd317119-d22e-455c-949a-415b2b87611c}</UniqueIdentifier>
      <Extensions>*.h</Extensions>
    </Filter>
    <Filter Include="Win32 C Header Files">
      <UniqueIdentifier>{db7e3f8c-6554-4fa5-b54b-2db35888b35d}</UniqueIdentifier>
    </Filter>
    <Filter Include="Win32 C Files">
      <UniqueIdentifier>{0adab2c7-b505-44b5-a2c6-67ce8f273312}</UniqueIdentifier>
    </Filter>
    <Filter Include="UAE Filesystem Files">
      <UniqueIdentifier>{4264d31b-2942-4bd8-bdc6-cd6d14043e6e}</UniqueIdentifier>
    </Filter>
    <Filter Include="UAE Filesystem Files\UAE Filesystem C Files %28Win32%29">
      <UniqueIdentifier>{bc92b120-a438-4be9-92f5-5b79d2f71327}</UniqueIdentifier>
    </Filter>
    <Filter Include="UAE Filesystem Files\UAE Filesystem Header Files">
      <UniqueIdentifier>{501f2bcf-b25b-44f3-83ee-5b631f868cbb}</UniqueIdentifier>
    </Filter>
    <Filter Include="ADF Compression Files">
      <UniqueIdentifier>{53d81c73-9144-4f38-bbc1-a64a69d1cf1d}</UniqueIdentifier>
    </Filter>
    <Filter Include="ADF Compression Files\xDMS C Files">
      <UniqueIdentifier>{d74d2d7b-243c-4a2a-a8d8-849fa6fb6a7e}</UniqueIdentifier>
      <Extensions>.c</Extensions>
    </Filter>
    <Filter Include="ADF Compression Files\xDMS Header Files">
      <UniqueIdentifier>{1c2810e7-946d-495e-a859-458fc7c8bf5d}</UniqueIdentifier>
      <Extensions>.h</Extensions>
    </Filter>
    <Filter Include="ADF Compression Files\zlib C Files">
      <UniqueIdentifier>{04159f5a-6409-4d14-96d2-2ca3ba131c19}</UniqueIdentifier>
      <Extensions>.c</Extensions>
    </Filter>
    <Filter Include="ADF Compression Files\zlib Header Files">
      <UniqueIdentifier>{8532dc41-612a-415f-87c3-16ede041b12d}</UniqueIdentifier>
      <Extensions>.h</Extensions>
    </Filter>
    <Filter Include="bitmaps">
      <UniqueIdentifier>{53c498c0-e92d-450b-b0c1-8f9e89d6823e}</UniqueIdentifier>
    </Filter>
    <Filter Include="Resource Files">
      <UniqueIdentifier>{553e6015-3e36-47bc-9689-ba1e5cbb727c}</UniqueIdentifier>
    </Filter>
    <Filter Include="icons">
      <UniqueIdentifier>{33d76fb7-c7ea-48f4-88c8-dc1922fdb79d}</UniqueIdentifier>
    </Filter>
    <Filter Include="CAPS Header Files">
      <UniqueIdentifier>{16e17f05-c0df-4b6f-8422-957ed77e46d6}</UniqueIdentifier>
    </Filter>
    <Filter Include="graphics">
      <UniqueIdentifier>{b87ae76d-615b-4620-818c-936fab6ea5a0}</UniqueIdentifier>
    </Filter>
  </ItemGroup>
  <ItemGroup>
    <ClCompile Include="..\..\C\BLIT.C">
      <Filter>core C Files</Filter>
    </ClCompile>
    <ClCompile Include="..\..\C\BUS.C">
      <Filter>core C Files</Filter>
    </ClCompile>
    <ClCompile Include="..\..\C\CIA.C">
      <Filter>core C Files</Filter>
    </ClCompile>
    <ClCompile Include="..\..\C\CONFIG.C">
      <Filter>core C Files</Filter>
    </ClCompile>
    <ClCompile Include="..\..\C\COPPER.C">
      <Filter>core C Files</Filter>
    </ClCompile>
    <ClCompile Include="..\..\C\CpuIntegration.c">
      <Filter>core C Files</Filter>
    </ClCompile>
    <ClCompile Include="..\..\C\CpuModule.c">
      <Filter>core C Files</Filter>
    </ClCompile>
    <ClCompile Include="..\..\C\CpuModule_Disassembler.c">
      <Filter>core C Files</Filter>
    </ClCompile>
    <ClCompile Include="..\..\C\CpuModule_EffectiveAddress.c">
      <Filter>core C Files</Filter>
    </ClCompile>
    <ClCompile Include="..\..\C\CpuModule_Exceptions.c">
      <Filter>core C Files</Filter>
    </ClCompile>
    <ClCompile Include="..\..\C\CpuModule_Flags.c">
      <Filter>core C Files</Filter>
    </ClCompile>
    <ClCompile Include="..\..\C\CpuModule_Instructions.c">
      <Filter>core C Files</Filter>
    </ClCompile>
    <ClCompile Include="..\..\C\CpuModule_InternalState.c">
      <Filter>core C Files</Filter>
    </ClCompile>
    <ClCompile Include="..\..\C\CpuModule_Interrupts.c">
      <Filter>core C Files</Filter>
    </ClCompile>
    <ClCompile Include="..\..\C\CpuModule_Logging.c">
      <Filter>core C Files</Filter>
    </ClCompile>
    <ClCompile Include="..\..\C\CpuModule_StackFrameGen.c">
      <Filter>core C Files</Filter>
    </ClCompile>
    <ClCompile Include="..\..\C\DRAW.C">
      <Filter>core C Files</Filter>
    </ClCompile>
    <ClCompile Include="..\..\C\FELLOW.C">
      <Filter>core C Files</Filter>
    </ClCompile>
    <ClCompile Include="..\..\C\FFILESYS.C">
      <Filter>core C Files</Filter>
    </ClCompile>
    <ClCompile Include="..\..\C\FHFILE.C">
      <Filter>core C Files</Filter>
    </ClCompile>
    <ClCompile Include="..\..\C\FLOPPY.C">
      <Filter>core C Files</Filter>
    </ClCompile>
    <ClCompile Include="..\..\C\FMEM.C">
      <Filter>core C Files</Filter>
    </ClCompile>
    <ClCompile Include="..\..\C\FSNAVIG.C">
      <Filter>core C Files</Filter>
    </ClCompile>
    <ClCompile Include="..\C\fsysamnt.c">
      <Filter>core C Files</Filter>
    </ClCompile>
    <ClCompile Include="..\..\C\GAMEPORT.C">
      <Filter>core C Files</Filter>
    </ClCompile>
    <ClCompile Include="..\..\C\GRAPH.C">
      <Filter>core C Files</Filter>
    </ClCompile>
    <ClCompile Include="..\C\Ini.c">
      <Filter>core C Files</Filter>
    </ClCompile>
    <ClCompile Include="..\..\C\KBD.C">
      <Filter>core C Files</Filter>
    </ClCompile>
    <ClCompile Include="..\..\C\LISTTREE.C">
      <Filter>core C Files</Filter>
    </ClCompile>
    <ClCompile Include="..\..\C\modrip.c">
      <Filter>core C Files</Filter>
    </ClCompile>
    <ClCompile Include="..\..\C\SOUND.C">
      <Filter>core C Files</Filter>
    </ClCompile>
    <ClCompile Include="..\..\C\SPRITE.C">
      <Filter>core C Files</Filter>
    </ClCompile>
    <ClCompile Include="..\..\C\WAV.C">
      <Filter>core C Files</Filter>
    </ClCompile>
    <ClCompile Include="..\..\C\zlibwrap.c">
      <Filter>core C Files</Filter>
    </ClCompile>
    <ClCompile Include="..\Caps\C\caps_win32.c">
      <Filter>Win32 C Files</Filter>
    </ClCompile>
    <ClCompile Include="..\C\commoncontrol_wrap.c">
      <Filter>Win32 C Files</Filter>
    </ClCompile>
    <ClCompile Include="..\C\fileops.c">
      <Filter>Win32 C Files</Filter>
    </ClCompile>
    <ClCompile Include="..\C\FSWRAP.C">
      <Filter>Win32 C Files</Filter>
    </ClCompile>
    <ClCompile Include="..\C\GFXDRV.C">
      <Filter>Win32 C Files</Filter>
    </ClCompile>
    <ClCompile Include="..\C\JOYDRV.C">
      <Filter>Win32 C Files</Filter>
    </ClCompile>
    <ClCompile Include="..\C\KBDDRV.C">
      <Filter>Win32 C Files</Filter>
    </ClCompile>
    <ClCompile Include="..\C\kbdparser.c">
      <Filter>Win32 C Files</Filter>
    </ClCompile>
    <ClCompile Include="..\C\modrip_win32.c">
      <Filter>Win32 C Files</Filter>
    </ClCompile>
    <ClCompile Include="..\C\MOUSEDRV.C">
      <Filter>Win32 C Files</Filter>
    </ClCompile>
    <ClCompile Include="..\C\SOUNDDRV.C">
      <Filter>Win32 C Files</Filter>
    </ClCompile>
    <ClCompile Include="..\C\sysinfo.c">
      <Filter>Win32 C Files</Filter>
    </ClCompile>
    <ClCompile Include="..\C\TIMER.C">
      <Filter>Win32 C Files</Filter>
    </ClCompile>
    <ClCompile Include="..\C\WDBG.C">
      <Filter>Win32 C Files</Filter>
    </ClCompile>
    <ClCompile Include="..\C\WGUI.C">
      <Filter>Win32 C Files</Filter>
    </ClCompile>
    <ClCompile Include="..\C\WINMAIN.C">
      <Filter>Win32 C Files</Filter>
    </ClCompile>
    <ClCompile Include="..\UAE\C\AUTOCONF.C">
      <Filter>UAE Filesystem Files\UAE Filesystem C Files %28Win32%29</Filter>
    </ClCompile>
    <ClCompile Include="..\UAE\C\EXPANSIO.C">
      <Filter>UAE Filesystem Files\UAE Filesystem C Files %28Win32%29</Filter>
    </ClCompile>
    <ClCompile Include="..\UAE\C\FILESYS.C">
      <Filter>UAE Filesystem Files\UAE Filesystem C Files %28Win32%29</Filter>
    </ClCompile>
    <ClCompile Include="..\UAE\C\filesys_win32.c">
      <Filter>UAE Filesystem Files\UAE Filesystem C Files %28Win32%29</Filter>
    </ClCompile>
    <ClCompile Include="..\UAE\C\fsdb.c">
      <Filter>UAE Filesystem Files\UAE Filesystem C Files %28Win32%29</Filter>
    </ClCompile>
    <ClCompile Include="..\UAE\C\fsdb_win32.c">
      <Filter>UAE Filesystem Files\UAE Filesystem C Files %28Win32%29</Filter>
    </ClCompile>
    <ClCompile Include="..\UAE\C\FSUSAGE.C">
      <Filter>UAE Filesystem Files\UAE Filesystem C Files %28Win32%29</Filter>
    </ClCompile>
    <ClCompile Include="..\UAE\C\HARDFILE.C">
      <Filter>UAE Filesystem Files\UAE Filesystem C Files %28Win32%29</Filter>
    </ClCompile>
    <ClCompile Include="..\UAE\C\UAESUPP.C">
      <Filter>UAE Filesystem Files\UAE Filesystem C Files %28Win32%29</Filter>
    </ClCompile>
    <ClCompile Include="..\..\xdms\C\crc_csum.c">
      <Filter>ADF Compression Files\xDMS C Files</Filter>
    </ClCompile>
    <ClCompile Include="..\..\xdms\C\getbits.c">
      <Filter>ADF Compression Files\xDMS C Files</Filter>
    </ClCompile>
    <ClCompile Include="..\..\xdms\C\maketbl.c">
      <Filter>ADF Compression Files\xDMS C Files</Filter>
    </ClCompile>
    <ClCompile Include="..\..\xdms\C\pfile.c">
      <Filter>ADF Compression Files\xDMS C Files</Filter>
    </ClCompile>
    <ClCompile Include="..\..\xdms\C\tables.c">
      <Filter>ADF Compression Files\xDMS C Files</Filter>
    </ClCompile>
    <ClCompile Include="..\..\xdms\C\u_deep.c">
      <Filter>ADF Compression Files\xDMS C Files</Filter>
    </ClCompile>
    <ClCompile Include="..\..\xdms\C\u_heavy.c">
      <Filter>ADF Compression Files\xDMS C Files</Filter>
    </ClCompile>
    <ClCompile Include="..\..\xdms\C\u_init.c">
      <Filter>ADF Compression Files\xDMS C Files</Filter>
    </ClCompile>
    <ClCompile Include="..\..\xdms\C\u_medium.c">
      <Filter>ADF Compression Files\xDMS C Files</Filter>
    </ClCompile>
    <ClCompile Include="..\..\xdms\C\u_quick.c">
      <Filter>ADF Compression Files\xDMS C Files</Filter>
    </ClCompile>
    <ClCompile Include="..\..\xdms\C\u_rle.c">
      <Filter>ADF Compression Files\xDMS C Files</Filter>
    </ClCompile>
    <ClCompile Include="..\..\xdms\C\xdms.c">
      <Filter>ADF Compression Files\xDMS C Files</Filter>
    </ClCompile>
    <ClCompile Include="..\..\zlib\C\adler32.c">
      <Filter>ADF Compression Files\zlib C Files</Filter>
    </ClCompile>
    <ClCompile Include="..\..\zlib\C\compress.c">
      <Filter>ADF Compression Files\zlib C Files</Filter>
    </ClCompile>
    <ClCompile Include="..\..\zlib\C\crc32.c">
      <Filter>ADF Compression Files\zlib C Files</Filter>
    </ClCompile>
    <ClCompile Include="..\..\zlib\C\deflate.c">
      <Filter>ADF Compression Files\zlib C Files</Filter>
    </ClCompile>
    <ClCompile Include="..\..\zlib\C\inffast.c">
      <Filter>ADF Compression Files\zlib C Files</Filter>
    </ClCompile>
    <ClCompile Include="..\..\zlib\C\inflate.c">
      <Filter>ADF Compression Files\zlib C Files</Filter>
    </ClCompile>
    <ClCompile Include="..\..\zlib\C\inftrees.c">
      <Filter>ADF Compression Files\zlib C Files</Filter>
    </ClCompile>
    <ClCompile Include="..\..\zlib\C\trees.c">
      <Filter>ADF Compression Files\zlib C Files</Filter>
    </ClCompile>
    <ClCompile Include="..\..\zlib\C\uncompr.c">
      <Filter>ADF Compression Files\zlib C Files</Filter>
    </ClCompile>
    <ClCompile Include="..\..\zlib\C\zutil.c">
      <Filter>ADF Compression Files\zlib C Files</Filter>
    </ClCompile>
    <ClCompile Include="..\C\RetroPlatformGuestIPC.c">
      <Filter>Win32 C Files</Filter>
    </ClCompile>
    <ClCompile Include="..\C\RetroPlatform.c">
      <Filter>Win32 C Files</Filter>
    </ClCompile>
    <ClCompile Include="..\..\C\interrupt.c">
      <Filter>core C Files</Filter>
    </ClCompile>
    <ClCompile Include="..\..\c\rtc.cpp">
      <Filter>core C Files</Filter>
    </ClCompile>
    <ClCompile Include="..\..\c\RtcOkiMsm6242rs.cpp">
      <Filter>core C Files</Filter>
    </ClCompile>
    <ClCompile Include="..\..\zlib\C\gzclose.c">
      <Filter>ADF Compression Files\zlib C Files</Filter>
    </ClCompile>
    <ClCompile Include="..\..\zlib\C\gzlib.c">
      <Filter>ADF Compression Files\zlib C Files</Filter>
    </ClCompile>
    <ClCompile Include="..\..\zlib\C\gzread.c">
      <Filter>ADF Compression Files\zlib C Files</Filter>
    </ClCompile>
    <ClCompile Include="..\..\zlib\C\gzwrite.c">
      <Filter>ADF Compression Files\zlib C Files</Filter>
    </ClCompile>
    <ClCompile Include="..\..\zlib\C\infback.c">
      <Filter>ADF Compression Files\zlib C Files</Filter>
    </ClCompile>
    <ClCompile Include="..\..\graphics\BitplaneDMA.c">
      <Filter>graphics</Filter>
    </ClCompile>
    <ClCompile Include="..\..\graphics\BitplaneDraw.c">
      <Filter>graphics</Filter>
    </ClCompile>
    <ClCompile Include="..\..\graphics\CopperNew.c">
      <Filter>graphics</Filter>
    </ClCompile>
    <ClCompile Include="..\..\graphics\DDFStateMachine.c">
      <Filter>graphics</Filter>
    </ClCompile>
    <ClCompile Include="..\..\graphics\DIWXStateMachine.c">
      <Filter>graphics</Filter>
    </ClCompile>
    <ClCompile Include="..\..\graphics\DIWYStateMachine.c">
      <Filter>graphics</Filter>
    </ClCompile>
    <ClCompile Include="..\..\graphics\SpriteState.c">
      <Filter>graphics</Filter>
    </ClCompile>
    <ClCompile Include="..\..\graphics\Graphics.cpp">
      <Filter>graphics</Filter>
    </ClCompile>
    <ClCompile Include="..\..\graphics\GraphicsEvent.cpp">
      <Filter>graphics</Filter>
    </ClCompile>
    <ClCompile Include="..\..\graphics\GraphicsEventQueue.cpp">
      <Filter>graphics</Filter>
    </ClCompile>
    <ClCompile Include="..\..\graphics\Planar2ChunkyDecoder.c">
      <Filter>graphics</Filter>
    </ClCompile>
    <ClCompile Include="..\..\graphics\PixelSerializer.c">
      <Filter>graphics</Filter>
    </ClCompile>
    <ClCompile Include="..\..\graphics\Logger.cpp">
      <Filter>graphics</Filter>
    </ClCompile>
  </ItemGroup>
  <ItemGroup>
    <ClInclude Include="..\..\INCLUDE\BLIT.H">
      <Filter>core C Header Files</Filter>
    </ClInclude>
    <ClInclude Include="..\..\INCLUDE\BUS.H">
      <Filter>core C Header Files</Filter>
    </ClInclude>
    <ClInclude Include="..\..\INCLUDE\CIA.H">
      <Filter>core C Header Files</Filter>
    </ClInclude>
    <ClInclude Include="..\..\INCLUDE\CONFIG.H">
      <Filter>core C Header Files</Filter>
    </ClInclude>
    <ClInclude Include="..\..\INCLUDE\COPPER.H">
      <Filter>core C Header Files</Filter>
    </ClInclude>
    <ClInclude Include="..\..\INCLUDE\CpuIntegration.h">
      <Filter>core C Header Files</Filter>
    </ClInclude>
    <ClInclude Include="..\..\INCLUDE\CpuModule.h">
      <Filter>core C Header Files</Filter>
    </ClInclude>
    <ClInclude Include="..\..\INCLUDE\CpuModule_Code.h">
      <Filter>core C Header Files</Filter>
    </ClInclude>
    <ClInclude Include="..\..\INCLUDE\CpuModule_Data.h">
      <Filter>core C Header Files</Filter>
    </ClInclude>
    <ClInclude Include="..\..\INCLUDE\CpuModule_Decl.h">
      <Filter>core C Header Files</Filter>
    </ClInclude>
    <ClInclude Include="..\..\INCLUDE\CpuModule_Disassembler.h">
      <Filter>core C Header Files</Filter>
    </ClInclude>
    <ClInclude Include="..\..\INCLUDE\CpuModule_DisassemblerFunc.h">
      <Filter>core C Header Files</Filter>
    </ClInclude>
    <ClInclude Include="..\..\INCLUDE\CpuModule_Internal.h">
      <Filter>core C Header Files</Filter>
    </ClInclude>
    <ClInclude Include="..\..\INCLUDE\CpuModule_Profile.h">
      <Filter>core C Header Files</Filter>
    </ClInclude>
    <ClInclude Include="..\..\INCLUDE\DEFS.H">
      <Filter>core C Header Files</Filter>
    </ClInclude>
    <ClInclude Include="..\..\INCLUDE\DRAW.H">
      <Filter>core C Header Files</Filter>
    </ClInclude>
    <ClInclude Include="..\..\INCLUDE\EVENTID.H">
      <Filter>core C Header Files</Filter>
    </ClInclude>
    <ClInclude Include="..\..\INCLUDE\FELLOW.H">
      <Filter>core C Header Files</Filter>
    </ClInclude>
    <ClInclude Include="..\..\INCLUDE\FFILESYS.H">
      <Filter>core C Header Files</Filter>
    </ClInclude>
    <ClInclude Include="..\..\INCLUDE\FHFILE.H">
      <Filter>core C Header Files</Filter>
    </ClInclude>
    <ClInclude Include="..\..\INCLUDE\FLOPPY.H">
      <Filter>core C Header Files</Filter>
    </ClInclude>
    <ClInclude Include="..\..\INCLUDE\FMEM.H">
      <Filter>core C Header Files</Filter>
    </ClInclude>
    <ClInclude Include="..\..\INCLUDE\FONTS.H">
      <Filter>core C Header Files</Filter>
    </ClInclude>
    <ClInclude Include="..\..\INCLUDE\FSNAVIG.H">
      <Filter>core C Header Files</Filter>
    </ClInclude>
    <ClInclude Include="..\..\INCLUDE\GAMEPORT.H">
      <Filter>core C Header Files</Filter>
    </ClInclude>
    <ClInclude Include="..\..\INCLUDE\GRAPH.H">
      <Filter>core C Header Files</Filter>
    </ClInclude>
    <ClInclude Include="..\..\INCLUDE\Ini.h">
      <Filter>core C Header Files</Filter>
    </ClInclude>
    <ClInclude Include="..\..\INCLUDE\KEYCODES.H">
      <Filter>core C Header Files</Filter>
    </ClInclude>
    <ClInclude Include="..\..\INCLUDE\LISTTREE.H">
      <Filter>core C Header Files</Filter>
    </ClInclude>
    <ClInclude Include="..\..\INCLUDE\modrip.h">
      <Filter>core C Header Files</Filter>
    </ClInclude>
    <ClInclude Include="..\INCLUDE\MSVC\PORTABLE.H">
      <Filter>core C Header Files</Filter>
    </ClInclude>
    <ClInclude Include="..\..\INCLUDE\SPRITE.H">
      <Filter>core C Header Files</Filter>
    </ClInclude>
    <ClInclude Include="..\..\INCLUDE\WAV.H">
      <Filter>core C Header Files</Filter>
    </ClInclude>
    <ClInclude Include="..\..\INCLUDE\zlibwrap.h">
      <Filter>core C Header Files</Filter>
    </ClInclude>
    <ClInclude Include="..\Caps\include\caps_win32.h">
      <Filter>Win32 C Header Files</Filter>
    </ClInclude>
    <ClInclude Include="..\INCLUDE\commoncontrol_wrap.h">
      <Filter>Win32 C Header Files</Filter>
    </ClInclude>
    <ClInclude Include="..\INCLUDE\FSWRAP.H">
      <Filter>Win32 C Header Files</Filter>
    </ClInclude>
    <ClInclude Include="..\..\INCLUDE\GFXDRV.H">
      <Filter>Win32 C Header Files</Filter>
    </ClInclude>
    <ClInclude Include="..\..\INCLUDE\JOYDRV.H">
      <Filter>Win32 C Header Files</Filter>
    </ClInclude>
    <ClInclude Include="..\..\INCLUDE\KBD.H">
      <Filter>Win32 C Header Files</Filter>
    </ClInclude>
    <ClInclude Include="..\..\INCLUDE\KBDDRV.H">
      <Filter>Win32 C Header Files</Filter>
    </ClInclude>
    <ClInclude Include="..\INCLUDE\kbdparser.h">
      <Filter>Win32 C Header Files</Filter>
    </ClInclude>
    <ClInclude Include="..\INCLUDE\modrip_win32.h">
      <Filter>Win32 C Header Files</Filter>
    </ClInclude>
    <ClInclude Include="..\..\INCLUDE\MOUSEDRV.H">
      <Filter>Win32 C Header Files</Filter>
    </ClInclude>
    <ClInclude Include="..\..\INCLUDE\SOUND.H">
      <Filter>Win32 C Header Files</Filter>
    </ClInclude>
    <ClInclude Include="..\..\INCLUDE\SOUNDDRV.H">
      <Filter>Win32 C Header Files</Filter>
    </ClInclude>
    <ClInclude Include="..\INCLUDE\sysinfo.h">
      <Filter>Win32 C Header Files</Filter>
    </ClInclude>
    <ClInclude Include="..\..\INCLUDE\TIMER.H">
      <Filter>Win32 C Header Files</Filter>
    </ClInclude>
    <ClInclude Include="..\INCLUDE\WDBG.H">
      <Filter>Win32 C Header Files</Filter>
    </ClInclude>
    <ClInclude Include="..\..\INCLUDE\WGUI.H">
      <Filter>Win32 C Header Files</Filter>
    </ClInclude>
    <ClInclude Include="..\INCLUDE\WINDRV.H">
      <Filter>Win32 C Header Files</Filter>
    </ClInclude>
    <ClInclude Include="..\..\UAE\INCLUDE\AUTOCONF.H">
      <Filter>UAE Filesystem Files\UAE Filesystem Header Files</Filter>
    </ClInclude>
    <ClInclude Include="..\..\UAE\INCLUDE\EXECLIB.H">
      <Filter>UAE Filesystem Files\UAE Filesystem Header Files</Filter>
    </ClInclude>
    <ClInclude Include="..\..\UAE\INCLUDE\FILESYS.H">
      <Filter>UAE Filesystem Files\UAE Filesystem Header Files</Filter>
    </ClInclude>
    <ClInclude Include="..\..\UAE\INCLUDE\filesys_win32.h">
      <Filter>UAE Filesystem Files\UAE Filesystem Header Files</Filter>
    </ClInclude>
    <ClInclude Include="..\..\UAE\INCLUDE\fsdb.h">
      <Filter>UAE Filesystem Files\UAE Filesystem Header Files</Filter>
    </ClInclude>
    <ClInclude Include="..\..\UAE\INCLUDE\FSUSAGE.H">
      <Filter>UAE Filesystem Files\UAE Filesystem Header Files</Filter>
    </ClInclude>
    <ClInclude Include="..\..\UAE\INCLUDE\PENGUIN.H">
      <Filter>UAE Filesystem Files\UAE Filesystem Header Files</Filter>
    </ClInclude>
    <ClInclude Include="..\..\UAE\INCLUDE\POSIXEMU.H">
      <Filter>UAE Filesystem Files\UAE Filesystem Header Files</Filter>
    </ClInclude>
    <ClInclude Include="..\..\UAE\INCLUDE\UAE2FELL.H">
      <Filter>UAE Filesystem Files\UAE Filesystem Header Files</Filter>
    </ClInclude>
    <ClInclude Include="..\..\UAE\INCLUDE\UAEFSYS.H">
      <Filter>UAE Filesystem Files\UAE Filesystem Header Files</Filter>
    </ClInclude>
    <ClInclude Include="..\..\xdms\include\cdata.h">
      <Filter>ADF Compression Files\xDMS Header Files</Filter>
    </ClInclude>
    <ClInclude Include="..\..\xdms\include\crc_csum.h">
      <Filter>ADF Compression Files\xDMS Header Files</Filter>
    </ClInclude>
    <ClInclude Include="..\..\xdms\include\getbits.h">
      <Filter>ADF Compression Files\xDMS Header Files</Filter>
    </ClInclude>
    <ClInclude Include="..\..\xdms\include\maketbl.h">
      <Filter>ADF Compression Files\xDMS Header Files</Filter>
    </ClInclude>
    <ClInclude Include="..\..\xdms\include\pfile.h">
      <Filter>ADF Compression Files\xDMS Header Files</Filter>
    </ClInclude>
    <ClInclude Include="..\..\xdms\include\tables.h">
      <Filter>ADF Compression Files\xDMS Header Files</Filter>
    </ClInclude>
    <ClInclude Include="..\..\xdms\include\u_deep.h">
      <Filter>ADF Compression Files\xDMS Header Files</Filter>
    </ClInclude>
    <ClInclude Include="..\..\xdms\include\u_heavy.h">
      <Filter>ADF Compression Files\xDMS Header Files</Filter>
    </ClInclude>
    <ClInclude Include="..\..\xdms\include\u_init.h">
      <Filter>ADF Compression Files\xDMS Header Files</Filter>
    </ClInclude>
    <ClInclude Include="..\..\xdms\include\u_medium.h">
      <Filter>ADF Compression Files\xDMS Header Files</Filter>
    </ClInclude>
    <ClInclude Include="..\..\xdms\include\u_quick.h">
      <Filter>ADF Compression Files\xDMS Header Files</Filter>
    </ClInclude>
    <ClInclude Include="..\..\xdms\include\u_rle.h">
      <Filter>ADF Compression Files\xDMS Header Files</Filter>
    </ClInclude>
    <ClInclude Include="..\..\xdms\include\xdms.h">
      <Filter>ADF Compression Files\xDMS Header Files</Filter>
    </ClInclude>
    <ClInclude Include="..\..\zlib\include\crc32.h">
      <Filter>ADF Compression Files\zlib Header Files</Filter>
    </ClInclude>
    <ClInclude Include="..\..\zlib\include\deflate.h">
      <Filter>ADF Compression Files\zlib Header Files</Filter>
    </ClInclude>
    <ClInclude Include="..\..\zlib\include\inffast.h">
      <Filter>ADF Compression Files\zlib Header Files</Filter>
    </ClInclude>
    <ClInclude Include="..\..\zlib\include\inffixed.h">
      <Filter>ADF Compression Files\zlib Header Files</Filter>
    </ClInclude>
    <ClInclude Include="..\..\zlib\include\inflate.h">
      <Filter>ADF Compression Files\zlib Header Files</Filter>
    </ClInclude>
    <ClInclude Include="..\..\zlib\include\inftrees.h">
      <Filter>ADF Compression Files\zlib Header Files</Filter>
    </ClInclude>
    <ClInclude Include="..\..\zlib\include\trees.h">
      <Filter>ADF Compression Files\zlib Header Files</Filter>
    </ClInclude>
    <ClInclude Include="..\..\zlib\include\zconf.h">
      <Filter>ADF Compression Files\zlib Header Files</Filter>
    </ClInclude>
    <ClInclude Include="..\..\zlib\include\zlib.h">
      <Filter>ADF Compression Files\zlib Header Files</Filter>
    </ClInclude>
    <ClInclude Include="..\..\zlib\include\zutil.h">
      <Filter>ADF Compression Files\zlib Header Files</Filter>
    </ClInclude>
    <ClInclude Include="gui_general.h">
      <Filter>Resource Files</Filter>
    </ClInclude>
    <ClInclude Include="..\CAPS\include\CapsAPI.h">
      <Filter>CAPS Header Files</Filter>
    </ClInclude>
    <ClInclude Include="..\CAPS\include\CapsLib.h">
      <Filter>CAPS Header Files</Filter>
    </ClInclude>
    <ClInclude Include="..\CAPS\include\Comlib.h">
      <Filter>CAPS Header Files</Filter>
    </ClInclude>
    <ClInclude Include="..\CAPS\include\Comtype.h">
      <Filter>CAPS Header Files</Filter>
    </ClInclude>
    <ClInclude Include="..\INCLUDE\RetroPlatformGuestIPC.h">
      <Filter>Win32 C Header Files</Filter>
    </ClInclude>
    <ClInclude Include="..\INCLUDE\RetroPlatformIPC.h">
      <Filter>Win32 C Header Files</Filter>
    </ClInclude>
    <ClInclude Include="..\INCLUDE\fileops.h">
      <Filter>Win32 C Header Files</Filter>
    </ClInclude>
    <ClInclude Include="..\INCLUDE\RetroPlatform.h">
      <Filter>Win32 C Header Files</Filter>
    </ClInclude>
    <ClInclude Include="..\INCLUDE\versioninfo-wcrev.h">
      <Filter>Win32 C Header Files</Filter>
    </ClInclude>
    <ClInclude Include="..\..\include\interrupt.h">
      <Filter>core C Header Files</Filter>
    </ClInclude>
    <ClInclude Include="GUI_versioninfo.h">
      <Filter>Resource Files</Filter>
    </ClInclude>
    <ClInclude Include="..\..\include\RtcOkiMsm6242rs.h">
      <Filter>core C Header Files</Filter>
    </ClInclude>
    <ClInclude Include="..\..\include\rtc.h">
      <Filter>core C Header Files</Filter>
    </ClInclude>
    <ClInclude Include="..\..\graphics\BitplaneDMA.h">
      <Filter>graphics</Filter>
    </ClInclude>
    <ClInclude Include="..\..\graphics\BitplaneDraw.h">
      <Filter>graphics</Filter>
    </ClInclude>
    <ClInclude Include="..\..\graphics\CopperNew.h">
      <Filter>graphics</Filter>
    </ClInclude>
    <ClInclude Include="..\..\graphics\DDFStateMachine.h">
      <Filter>graphics</Filter>
    </ClInclude>
    <ClInclude Include="..\..\graphics\DIWXStateMachine.h">
      <Filter>graphics</Filter>
    </ClInclude>
    <ClInclude Include="..\..\graphics\DIWYStateMachine.h">
      <Filter>graphics</Filter>
    </ClInclude>
    <ClInclude Include="..\..\graphics\SpriteState.h">
      <Filter>graphics</Filter>
    </ClInclude>
    <ClInclude Include="..\..\graphics\Graphics.h">
      <Filter>graphics</Filter>
    </ClInclude>
    <ClInclude Include="..\..\graphics\GraphicsEvent.h">
      <Filter>graphics</Filter>
    </ClInclude>
    <ClInclude Include="..\..\graphics\GraphicsEventQueue.h">
      <Filter>graphics</Filter>
    </ClInclude>
    <ClInclude Include="..\..\graphics\Planar2ChunkyDecoder.h">
      <Filter>graphics</Filter>
    </ClInclude>
    <ClInclude Include="..\..\graphics\PixelSerializer.h">
      <Filter>graphics</Filter>
    </ClInclude>
    <ClInclude Include="..\..\graphics\BitplaneUtility.h">
      <Filter>graphics</Filter>
    </ClInclude>
    <ClInclude Include="..\..\graphics\Logger.h">
      <Filter>graphics</Filter>
    </ClInclude>
  </ItemGroup>
  <ItemGroup>
    <None Include="disk_led_disabled_cool.bmp">
      <Filter>bitmaps</Filter>
    </None>
    <None Include="disk_led_off_cool.bmp">
      <Filter>bitmaps</Filter>
    </None>
    <None Include="disk_led_on_cool.bmp">
      <Filter>bitmaps</Filter>
    </None>
    <None Include="power_led_off_cool.bmp">
      <Filter>bitmaps</Filter>
    </None>
    <None Include="power_led_on_cool.bmp">
      <Filter>bitmaps</Filter>
    </None>
    <None Include="winfellow_logo_small.bmp">
      <Filter>bitmaps</Filter>
    </None>
    <None Include="..\icons\cpu.ico">
      <Filter>icons</Filter>
    </None>
    <None Include="..\icons\dfloppy.ico">
      <Filter>icons</Filter>
    </None>
    <None Include="..\icons\display.ico">
      <Filter>icons</Filter>
    </None>
    <None Include="..\icons\filesystem.ico">
      <Filter>icons</Filter>
    </None>
    <None Include="..\icons\floppy.ico">
      <Filter>icons</Filter>
    </None>
    <None Include="..\icons\harddrives.ico">
      <Filter>icons</Filter>
    </None>
    <None Include="..\icons\sound.ico">
      <Filter>icons</Filter>
    </None>
    <None Include="winfellow.ico">
      <Filter>icons</Filter>
    </None>
    <None Include="..\icons\arrow.bmp">
      <Filter>bitmaps</Filter>
    </None>
  </ItemGroup>
  <ItemGroup>
    <ResourceCompile Include="GUI_general.rc">
      <Filter>Resource Files</Filter>
    </ResourceCompile>
    <ResourceCompile Include="GUI_versioninfo.rc">
      <Filter>Resource Files</Filter>
    </ResourceCompile>
  </ItemGroup>
</Project>