<?xml version="1.0" encoding="utf-8"?>
<Project ToolsVersion="4.0" xmlns="http://schemas.microsoft.com/developer/msbuild/2003">
  <ItemGroup>
    <Filter Include="Win32 C Header Files">
      <UniqueIdentifier>{db7e3f8c-6554-4fa5-b54b-2db35888b35d}</UniqueIdentifier>
    </Filter>
    <Filter Include="fellow">
      <UniqueIdentifier>{4cc17501-a676-4970-88e2-862c2940f346}</UniqueIdentifier>
    </Filter>
    <Filter Include="fellow\api">
      <UniqueIdentifier>{53c74a65-4800-4187-9e67-dfc45a8676a6}</UniqueIdentifier>
    </Filter>
    <Filter Include="fellow\service">
      <UniqueIdentifier>{7be8a4ec-ba20-4ef0-9b2c-f3e9de96ad9e}</UniqueIdentifier>
    </Filter>
    <Filter Include="fellow\vm">
      <UniqueIdentifier>{2c26c775-ae0b-4bda-9d2d-41c9c45dc9bb}</UniqueIdentifier>
    </Filter>
    <Filter Include="fellow\api\service">
      <UniqueIdentifier>{737e3c60-d979-4f05-a032-f1469bcd8e6b}</UniqueIdentifier>
    </Filter>
    <Filter Include="fellow\api\vm">
      <UniqueIdentifier>{3fd128fb-e4d3-49ad-a62f-72d00f4b2e54}</UniqueIdentifier>
    </Filter>
    <Filter Include="IPF Access API">
      <UniqueIdentifier>{8a43c7b9-d400-45fc-8ff4-a80b9c0718be}</UniqueIdentifier>
    </Filter>
    <Filter Include="test">
      <UniqueIdentifier>{b998d08b-26fd-4475-bd87-eb41177f7a69}</UniqueIdentifier>
    </Filter>
    <Filter Include="test\catch">
      <UniqueIdentifier>{469076a3-14d4-4289-a1ca-6e9fad435fa0}</UniqueIdentifier>
    </Filter>
    <Filter Include="test\fellow">
      <UniqueIdentifier>{8651ddaf-7754-41fd-8440-4ec9a52bb902}</UniqueIdentifier>
    </Filter>
    <Filter Include="test\fellow\chipset">
      <UniqueIdentifier>{07e02b47-0046-4ab6-a04f-eb9ba6835663}</UniqueIdentifier>
    </Filter>
    <Filter Include="fellow\chipset">
      <UniqueIdentifier>{01c39341-cc4f-47cf-a151-9bc415aa5a9b}</UniqueIdentifier>
    </Filter>
    <Filter Include="fellow\debug">
      <UniqueIdentifier>{95f4893f-e105-4e6c-a47e-c1feee3be0eb}</UniqueIdentifier>
    </Filter>
    <Filter Include="fellow\time">
      <UniqueIdentifier>{bef34209-afec-4af0-a734-c119d7656c7b}</UniqueIdentifier>
    </Filter>
    <Filter Include="fellow\api\modules">
      <UniqueIdentifier>{bea23d8d-ea57-414c-8500-178645ffc0b2}</UniqueIdentifier>
    </Filter>
    <Filter Include="fellow\debug\commands">
      <UniqueIdentifier>{a1347851-1f44-49a7-88ef-69ebea338061}</UniqueIdentifier>
    </Filter>
    <Filter Include="fellow\hud">
      <UniqueIdentifier>{9b915286-8d62-4cb6-8a57-bf95d03ee25e}</UniqueIdentifier>
    </Filter>
    <Filter Include="fellow\api\configuration">
      <UniqueIdentifier>{55fe389e-8ed7-4c23-9d4e-825652e8a913}</UniqueIdentifier>
    </Filter>
    <Filter Include="fellow\debug\console">
      <UniqueIdentifier>{07521ccf-12f0-4fe0-b8a4-d0fbfa0051f4}</UniqueIdentifier>
    </Filter>
    <Filter Include="fellow\scheduler">
      <UniqueIdentifier>{360531cd-f6c7-4a3e-a32c-3aeab302dc75}</UniqueIdentifier>
    </Filter>
    <Filter Include="fellow\api\debug">
      <UniqueIdentifier>{b684f86c-b594-467d-9a73-8008ac7794a8}</UniqueIdentifier>
    </Filter>
    <Filter Include="fellow\os">
      <UniqueIdentifier>{b0413665-ce85-451d-a5ad-0bfdf8f01615}</UniqueIdentifier>
    </Filter>
    <Filter Include="fellow\os\windows">
      <UniqueIdentifier>{ff38e285-2b98-4fe4-b1f7-73917da90c51}</UniqueIdentifier>
    </Filter>
    <Filter Include="fellow\os\windows\directdraw">
      <UniqueIdentifier>{7e4c26a5-5ff3-473d-aa9b-fe20947a6d84}</UniqueIdentifier>
    </Filter>
    <Filter Include="fellow\os\windows\dxgi">
      <UniqueIdentifier>{5a05d349-a0b1-4c49-9550-9f3152e0b0c5}</UniqueIdentifier>
    </Filter>
    <Filter Include="fellow\configuration">
      <UniqueIdentifier>{189eafd3-d24f-4363-b15c-0da23a148e1d}</UniqueIdentifier>
    </Filter>
    <Filter Include="fellow\application">
      <UniqueIdentifier>{733a8fce-6fe2-4b2b-8307-2886161e873b}</UniqueIdentifier>
    </Filter>
    <Filter Include="fellow\debug\log">
      <UniqueIdentifier>{62e8c6fd-2522-48cb-b7bf-5c916b670a02}</UniqueIdentifier>
    </Filter>
    <Filter Include="fellow\os\windows\debugger">
      <UniqueIdentifier>{ccd9b7b8-b2e3-4432-850e-0dba9e62cbb3}</UniqueIdentifier>
    </Filter>
    <Filter Include="fellow\os\windows\io">
      <UniqueIdentifier>{7e4bbcc3-acc6-47b1-9826-6e1cb8b37923}</UniqueIdentifier>
    </Filter>
    <Filter Include="fellow\cpu">
      <UniqueIdentifier>{f78aaf8c-79e2-444c-b7a6-4e61662eee7f}</UniqueIdentifier>
    </Filter>
    <Filter Include="fellow\automation">
      <UniqueIdentifier>{fb201ff1-e138-4253-95d8-cecda7d556e9}</UniqueIdentifier>
    </Filter>
    <Filter Include="fellow\memory">
      <UniqueIdentifier>{d5559118-86a9-4f93-addc-ce2a3eabcabc}</UniqueIdentifier>
    </Filter>
    <Filter Include="fellow\libs">
      <UniqueIdentifier>{c0944436-989e-4b44-ac17-11c7326014f9}</UniqueIdentifier>
    </Filter>
    <Filter Include="fellow\libs\zlib">
      <UniqueIdentifier>{c91da807-fe52-4d1e-9ee8-837fba4db9c8}</UniqueIdentifier>
    </Filter>
    <Filter Include="fellow\libs\xdms">
      <UniqueIdentifier>{c69348cd-d020-4f46-a3cb-1794c9e8df40}</UniqueIdentifier>
    </Filter>
    <Filter Include="fellow\libs\xdms\src">
      <UniqueIdentifier>{fdfb2cba-3879-4828-be19-de3d38600356}</UniqueIdentifier>
    </Filter>
    <Filter Include="fellow\libs\zlib\src">
      <UniqueIdentifier>{68630bb4-e663-45dd-b7ac-409a195aff6b}</UniqueIdentifier>
    </Filter>
    <Filter Include="fellow\os\windows\gui">
      <UniqueIdentifier>{631a769e-48c9-4af8-9d1a-da12749661c6}</UniqueIdentifier>
    </Filter>
    <Filter Include="fellow\os\windows\graphics">
      <UniqueIdentifier>{ac7f3395-60be-47ce-9d9d-a4a6387f1536}</UniqueIdentifier>
    </Filter>
    <Filter Include="fellow\os\windows\sound">
      <UniqueIdentifier>{b96effbe-11ea-4a41-b8f3-8ba150dcfc27}</UniqueIdentifier>
    </Filter>
    <Filter Include="fellow\os\windows\timer">
      <UniqueIdentifier>{a3046ef7-f57a-4109-9e4e-0901a1025fcc}</UniqueIdentifier>
    </Filter>
    <Filter Include="fellow\os\windows\application">
      <UniqueIdentifier>{bd220b24-779e-499f-bdb2-f0a0e0c0a9db}</UniqueIdentifier>
    </Filter>
    <Filter Include="fellow\os\windows\retroplatform">
      <UniqueIdentifier>{e29d64b6-92e0-483d-bbb5-6996db671f3e}</UniqueIdentifier>
    </Filter>
    <Filter Include="fellow\os\windows\caps">
      <UniqueIdentifier>{4d40c911-ff2e-48dc-b0ec-a73c5ebc2ac1}</UniqueIdentifier>
    </Filter>
    <Filter Include="fellow\os\windows\uae">
      <UniqueIdentifier>{efe5e79a-e08e-4ad0-839e-6911bd5832d3}</UniqueIdentifier>
    </Filter>
    <Filter Include="fellow\os\windows\gui\icons">
      <UniqueIdentifier>{486d1a91-5002-49d9-b3d2-ea7ac4e65a92}</UniqueIdentifier>
    </Filter>
    <Filter Include="fellow\os\windows\gui\bitmaps">
      <UniqueIdentifier>{e64b75c4-1148-4a22-be95-dfa1bc52c8a1}</UniqueIdentifier>
    </Filter>
  </ItemGroup>
  <ItemGroup>
    <ClCompile Include="..\..\fellow\vm\M68K.cpp">
      <Filter>fellow\vm</Filter>
    </ClCompile>
    <ClCompile Include="..\..\fellow\vm\MemorySystem.cpp">
      <Filter>fellow\vm</Filter>
    </ClCompile>
    <ClCompile Include="..\..\fellow\vm\VM.cpp">
      <Filter>fellow\vm</Filter>
    </ClCompile>
    <ClCompile Include="..\..\fellow\service\FSWrapper.cpp">
      <Filter>fellow\service</Filter>
    </ClCompile>
    <ClCompile Include="..\..\fellow\service\HUD.cpp">
      <Filter>fellow\service</Filter>
    </ClCompile>
    <ClCompile Include="..\..\fellow\service\Log.cpp">
      <Filter>fellow\service</Filter>
    </ClCompile>
    <ClCompile Include="..\..\fellow\service\RetroPlatformWrapper.cpp">
      <Filter>fellow\service</Filter>
    </ClCompile>
    <ClCompile Include="..\..\IPF\CapsPlug.cpp">
      <Filter>IPF Access API</Filter>
    </ClCompile>
    <ClCompile Include="..\..\test\fellow\chipset\BitplaneUtilityTest.cpp">
      <Filter>test\fellow\chipset</Filter>
    </ClCompile>
    <ClCompile Include="..\..\fellow\chipset\BitplaneRegisters.cpp">
      <Filter>fellow\chipset</Filter>
    </ClCompile>
    <ClCompile Include="..\..\fellow\chipset\ChipsetInfo.cpp">
      <Filter>fellow\chipset</Filter>
    </ClCompile>
    <ClCompile Include="..\..\test\fellow\chipset\BitplaneRegistersTest.cpp">
      <Filter>test\fellow\chipset</Filter>
    </ClCompile>
    <ClCompile Include="..\..\fellow\chipset\BitplaneDMAFetchPrograms.cpp">
      <Filter>fellow\chipset</Filter>
    </ClCompile>
    <ClCompile Include="..\..\fellow\chipset\BitplaneDMA.cpp">
      <Filter>fellow\chipset</Filter>
    </ClCompile>
    <ClCompile Include="..\..\fellow\chipset\DDFStateMachine.cpp">
      <Filter>fellow\chipset</Filter>
    </ClCompile>
    <ClCompile Include="..\..\fellow\chipset\CycleExactCopper.cpp">
      <Filter>fellow\chipset</Filter>
    </ClCompile>
    <ClCompile Include="..\..\fellow\chipset\Planar2ChunkyDecoder.cpp">
      <Filter>fellow\chipset</Filter>
    </ClCompile>
    <ClCompile Include="..\..\fellow\chipset\CycleExactSprites.cpp">
      <Filter>fellow\chipset</Filter>
    </ClCompile>
    <ClCompile Include="..\..\fellow\chipset\DIWYStateMachine.cpp">
      <Filter>fellow\chipset</Filter>
    </ClCompile>
    <ClCompile Include="..\..\fellow\chipset\DIWXStateMachine.cpp">
      <Filter>fellow\chipset</Filter>
    </ClCompile>
    <ClCompile Include="..\..\test\fellow\chipset\DIWYStateMachineTest.cpp">
      <Filter>test\fellow\chipset</Filter>
    </ClCompile>
    <ClCompile Include="..\..\fellow\chipset\BitplaneShifter.cpp">
      <Filter>fellow\chipset</Filter>
    </ClCompile>
    <ClCompile Include="..\..\fellow\chipset\SpriteDMA.cpp">
      <Filter>fellow\chipset</Filter>
    </ClCompile>
    <ClCompile Include="..\..\fellow\chipset\SpriteRegisters.cpp">
      <Filter>fellow\chipset</Filter>
    </ClCompile>
    <ClCompile Include="..\..\fellow\chipset\SpriteMerger.cpp">
      <Filter>fellow\chipset</Filter>
    </ClCompile>
    <ClCompile Include="..\..\fellow\chipset\SpriteP2CDecoder.cpp">
      <Filter>fellow\chipset</Filter>
    </ClCompile>
    <ClCompile Include="..\..\fellow\chipset\DualPlayfieldMapper.cpp">
      <Filter>fellow\chipset</Filter>
    </ClCompile>
    <ClCompile Include="..\..\fellow\chipset\DMAController.cpp">
      <Filter>fellow\chipset</Filter>
    </ClCompile>
    <ClCompile Include="..\..\fellow\vm\Clocks.cpp">
      <Filter>fellow\vm</Filter>
    </ClCompile>
    <ClCompile Include="..\..\fellow\vm\Display.cpp">
      <Filter>fellow\vm</Filter>
    </ClCompile>
    <ClCompile Include="..\..\fellow\vm\Copper.cpp">
      <Filter>fellow\vm</Filter>
    </ClCompile>
    <ClCompile Include="..\..\fellow\vm\Chipset.cpp">
      <Filter>fellow\vm</Filter>
    </ClCompile>
    <ClCompile Include="..\..\fellow\chipset\CopperRegisters.cpp">
      <Filter>fellow\chipset</Filter>
    </ClCompile>
    <ClCompile Include="..\..\fellow\time\Timestamps.cpp">
      <Filter>fellow\time</Filter>
    </ClCompile>
    <ClCompile Include="..\..\fellow\chipset\HostFrame.cpp">
      <Filter>fellow\chipset</Filter>
    </ClCompile>
    <ClCompile Include="..\..\fellow\chipset\HostFrameCopier.cpp">
      <Filter>fellow\chipset</Filter>
    </ClCompile>
    <ClCompile Include="..\..\fellow\chipset\HostFrameDelayedRenderer.cpp">
      <Filter>fellow\chipset</Filter>
    </ClCompile>
    <ClCompile Include="..\..\fellow\chipset\HostFrameImmediateRenderer.cpp">
      <Filter>fellow\chipset</Filter>
    </ClCompile>
    <ClCompile Include="..\..\fellow\vm\EventLog.cpp">
      <Filter>fellow\vm</Filter>
    </ClCompile>
    <ClCompile Include="..\..\fellow\service\CoreServicesFactory.cpp">
      <Filter>fellow\service</Filter>
    </ClCompile>
    <ClCompile Include="..\..\fellow\api\Services.cpp">
      <Filter>fellow\api</Filter>
    </ClCompile>
    <ClCompile Include="..\..\fellow\debug\commands\DisassembleCommand.cpp">
      <Filter>fellow\debug\commands</Filter>
    </ClCompile>
    <ClCompile Include="..\..\fellow\debug\commands\MemoryCommand.cpp">
      <Filter>fellow\debug\commands</Filter>
    </ClCompile>
    <ClCompile Include="..\..\fellow\debug\commands\CPURegisterCommand.cpp">
      <Filter>fellow\debug\commands</Filter>
    </ClCompile>
    <ClCompile Include="..\..\fellow\hud\HudPropertyProvider.cpp">
      <Filter>fellow\hud</Filter>
    </ClCompile>
    <ClCompile Include="..\..\fellow\debug\commands\MemoryMapCommand.cpp">
      <Filter>fellow\debug\commands</Filter>
    </ClCompile>
    <ClCompile Include="..\..\fellow\debug\commands\ChipsetRegisterCommand.cpp">
      <Filter>fellow\debug\commands</Filter>
    </ClCompile>
    <ClCompile Include="..\..\fellow\debug\console\ChipsetRegisterHandler.cpp">
      <Filter>fellow\debug\console</Filter>
    </ClCompile>
    <ClCompile Include="..\..\fellow\debug\console\MemoryMapHandler.cpp">
      <Filter>fellow\debug\console</Filter>
    </ClCompile>
    <ClCompile Include="..\..\fellow\debug\console\CPURegisterHandler.cpp">
      <Filter>fellow\debug\console</Filter>
    </ClCompile>
    <ClCompile Include="..\..\fellow\debug\console\DisassembleHandler.cpp">
      <Filter>fellow\debug\console</Filter>
    </ClCompile>
    <ClCompile Include="..\..\fellow\debug\console\HelpHandler.cpp">
      <Filter>fellow\debug\console</Filter>
    </ClCompile>
    <ClCompile Include="..\..\fellow\debug\console\MemoryHandler.cpp">
      <Filter>fellow\debug\console</Filter>
    </ClCompile>
    <ClCompile Include="..\..\fellow\debug\console\ConsoleDebugger.cpp">
      <Filter>fellow\debug\console</Filter>
    </ClCompile>
    <ClCompile Include="..\..\fellow\debug\console\DebugWriter.cpp">
      <Filter>fellow\debug\console</Filter>
    </ClCompile>
    <ClCompile Include="..\..\fellow\debug\console\ParameterUtils.cpp">
      <Filter>fellow\debug\console</Filter>
    </ClCompile>
    <ClCompile Include="..\..\fellow\scheduler\Scheduler.cpp">
      <Filter>fellow\scheduler</Filter>
    </ClCompile>
    <ClCompile Include="..\..\fellow\scheduler\SchedulerQueue.cpp">
      <Filter>fellow\scheduler</Filter>
    </ClCompile>
    <ClCompile Include="..\..\fellow\scheduler\SchedulerEvent.cpp">
      <Filter>fellow\scheduler</Filter>
    </ClCompile>
    <ClCompile Include="..\..\fellow\debug\commands\CPUStepCommand.cpp">
      <Filter>fellow\debug\commands</Filter>
    </ClCompile>
    <ClCompile Include="..\..\fellow\debug\console\CPUStepHandler.cpp">
      <Filter>fellow\debug\console</Filter>
    </ClCompile>
    <ClCompile Include="..\..\fellow\debug\console\CPUWriterUtils.cpp">
      <Filter>fellow\debug\console</Filter>
    </ClCompile>
    <ClCompile Include="..\..\test\fellow\chipset\HostColorMapTest.cpp">
      <Filter>test\fellow\chipset</Filter>
    </ClCompile>
    <ClCompile Include="..\..\fellow\os\windows\directdraw\GfxDrvDirectDraw.cpp">
      <Filter>fellow\os\windows\directdraw</Filter>
    </ClCompile>
    <ClCompile Include="..\..\fellow\os\windows\dxgi\GfxDrvDXGI.cpp">
      <Filter>fellow\os\windows\dxgi</Filter>
    </ClCompile>
    <ClCompile Include="..\..\fellow\os\windows\dxgi\GfxDrvDXGIAdapter.cpp">
      <Filter>fellow\os\windows\dxgi</Filter>
    </ClCompile>
    <ClCompile Include="..\..\fellow\os\windows\dxgi\GfxDrvDXGIAdapterEnumerator.cpp">
      <Filter>fellow\os\windows\dxgi</Filter>
    </ClCompile>
    <ClCompile Include="..\..\fellow\os\windows\dxgi\GfxDrvDXGIAmigaScreenRenderer.cpp">
      <Filter>fellow\os\windows\dxgi</Filter>
    </ClCompile>
    <ClCompile Include="..\..\fellow\os\windows\dxgi\GfxDrvDXGIAmigaScreenTexture.cpp">
      <Filter>fellow\os\windows\dxgi</Filter>
    </ClCompile>
    <ClCompile Include="..\..\fellow\os\windows\dxgi\GfxDrvDXGIErrorLogger.cpp">
      <Filter>fellow\os\windows\dxgi</Filter>
    </ClCompile>
    <ClCompile Include="..\..\fellow\os\windows\dxgi\GfxDrvDXGIHudD2D1_1.cpp">
      <Filter>fellow\os\windows\dxgi</Filter>
    </ClCompile>
    <ClCompile Include="..\..\fellow\os\windows\dxgi\GfxDrvDXGIMode.cpp">
      <Filter>fellow\os\windows\dxgi</Filter>
    </ClCompile>
    <ClCompile Include="..\..\fellow\os\windows\dxgi\GfxDrvDXGIModeEnumerator.cpp">
      <Filter>fellow\os\windows\dxgi</Filter>
    </ClCompile>
    <ClCompile Include="..\..\fellow\os\windows\dxgi\GfxDrvDXGIOutput.cpp">
      <Filter>fellow\os\windows\dxgi</Filter>
    </ClCompile>
    <ClCompile Include="..\..\fellow\os\windows\dxgi\GfxDrvDXGIOutputEnumerator.cpp">
      <Filter>fellow\os\windows\dxgi</Filter>
    </ClCompile>
    <ClCompile Include="..\..\fellow\os\windows\dxgi\GfxDrvHudD2D1.cpp">
      <Filter>fellow\os\windows\dxgi</Filter>
    </ClCompile>
    <ClCompile Include="..\..\fellow\os\windows\directdraw\GfxDrvDCScreenshot.cpp">
      <Filter>fellow\os\windows\directdraw</Filter>
    </ClCompile>
    <ClCompile Include="..\..\fellow\configuration\Configuration.cpp">
      <Filter>fellow\configuration</Filter>
    </ClCompile>
    <ClCompile Include="..\..\fellow\configuration\HostRenderConfigurationMapper.cpp">
      <Filter>fellow\configuration</Filter>
    </ClCompile>
    <ClCompile Include="..\..\fellow\application\HostRenderer.cpp">
      <Filter>fellow\application</Filter>
    </ClCompile>
    <ClCompile Include="..\..\fellow\application\HostRenderRuntimeSettings.cpp">
      <Filter>fellow\application</Filter>
    </ClCompile>
    <ClCompile Include="..\..\fellow\application\HostRenderConfiguration.cpp">
      <Filter>fellow\application</Filter>
    </ClCompile>
    <ClCompile Include="..\..\fellow\application\DisplayMode.cpp">
      <Filter>fellow\application</Filter>
    </ClCompile>
    <ClCompile Include="..\..\fellow\application\HostRenderStatistics.cpp">
      <Filter>fellow\application</Filter>
    </ClCompile>
    <ClCompile Include="..\..\fellow\os\windows\directdraw\DirectDrawDevice.cpp">
      <Filter>fellow\os\windows\directdraw</Filter>
    </ClCompile>
    <ClCompile Include="..\..\fellow\os\windows\directdraw\DirectDrawErrorLogger.cpp">
      <Filter>fellow\os\windows\directdraw</Filter>
    </ClCompile>
    <ClCompile Include="..\..\fellow\debug\console\LogHandler.cpp">
      <Filter>fellow\debug\console</Filter>
    </ClCompile>
    <ClCompile Include="..\..\fellow\debug\commands\LogCommand.cpp">
      <Filter>fellow\debug\commands</Filter>
    </ClCompile>
    <ClCompile Include="..\..\fellow\debug\log\BitplaneShifterLogEntry.cpp">
      <Filter>fellow\debug\log</Filter>
    </ClCompile>
    <ClCompile Include="..\..\fellow\debug\log\ChipBusLogEntry.cpp">
      <Filter>fellow\debug\log</Filter>
    </ClCompile>
    <ClCompile Include="..\..\fellow\debug\log\DebugLogEntry.cpp">
      <Filter>fellow\debug\log</Filter>
    </ClCompile>
    <ClCompile Include="..\..\fellow\debug\log\DebugLogHandler.cpp">
      <Filter>fellow\debug\log</Filter>
    </ClCompile>
    <ClCompile Include="..\..\fellow\debug\log\DiagnosticFeatures.cpp">
      <Filter>fellow\debug\log</Filter>
    </ClCompile>
    <ClCompile Include="..\..\fellow\debug\log\DIWXLogEntry.cpp">
      <Filter>fellow\debug\log</Filter>
    </ClCompile>
    <ClCompile Include="..\..\fellow\debug\log\DIWYLogEntry.cpp">
      <Filter>fellow\debug\log</Filter>
    </ClCompile>
    <ClCompile Include="..\..\fellow\debug\log\EventQueueLogEntry.cpp">
      <Filter>fellow\debug\log</Filter>
    </ClCompile>
    <ClCompile Include="..\..\fellow\os\windows\debugger\ConsoleDebuggerHost.cpp">
      <Filter>fellow\os\windows\debugger</Filter>
    </ClCompile>
    <ClCompile Include="..\..\fellow\os\windows\io\FileopsWin32.cpp">
      <Filter>fellow\os\windows\io</Filter>
    </ClCompile>
    <ClCompile Include="..\..\fellow\os\windows\io\FSWrapStat.cpp">
      <Filter>fellow\os\windows\io</Filter>
    </ClCompile>
    <ClCompile Include="..\..\fellow\os\windows\io\FilesystemAutomount.cpp">
      <Filter>fellow\os\windows\io</Filter>
    </ClCompile>
    <ClCompile Include="..\..\fellow\os\windows\io\JoystickDriver.cpp">
      <Filter>fellow\os\windows\io</Filter>
    </ClCompile>
    <ClCompile Include="..\..\fellow\os\windows\io\KeyboardDriver.cpp">
      <Filter>fellow\os\windows\io</Filter>
    </ClCompile>
    <ClCompile Include="..\..\fellow\os\windows\io\Keyparser.cpp">
      <Filter>fellow\os\windows\io</Filter>
    </ClCompile>
    <ClCompile Include="..\..\fellow\os\windows\io\MouseDriver.cpp">
      <Filter>fellow\os\windows\io</Filter>
    </ClCompile>
    <ClCompile Include="..\..\fellow\debug\log\LineChangeLogEntry.cpp">
      <Filter>fellow\debug\log</Filter>
    </ClCompile>
    <ClCompile Include="..\..\fellow\cpu\CpuIntegration.cpp">
      <Filter>fellow\cpu</Filter>
    </ClCompile>
    <ClCompile Include="..\..\fellow\cpu\CpuModule.cpp">
      <Filter>fellow\cpu</Filter>
    </ClCompile>
    <ClCompile Include="..\..\fellow\cpu\CpuModule_Disassembler.cpp">
      <Filter>fellow\cpu</Filter>
    </ClCompile>
    <ClCompile Include="..\..\fellow\cpu\CpuModule_EffectiveAddress.cpp">
      <Filter>fellow\cpu</Filter>
    </ClCompile>
    <ClCompile Include="..\..\fellow\cpu\CpuModule_Exceptions.cpp">
      <Filter>fellow\cpu</Filter>
    </ClCompile>
    <ClCompile Include="..\..\fellow\cpu\CpuModule_Flags.cpp">
      <Filter>fellow\cpu</Filter>
    </ClCompile>
    <ClCompile Include="..\..\fellow\cpu\CpuModule_Instructions.cpp">
      <Filter>fellow\cpu</Filter>
    </ClCompile>
    <ClCompile Include="..\..\fellow\cpu\CpuModule_InternalState.cpp">
      <Filter>fellow\cpu</Filter>
    </ClCompile>
    <ClCompile Include="..\..\fellow\cpu\CpuModule_Interrupts.cpp">
      <Filter>fellow\cpu</Filter>
    </ClCompile>
    <ClCompile Include="..\..\fellow\cpu\CpuModule_Logging.cpp">
      <Filter>fellow\cpu</Filter>
    </ClCompile>
    <ClCompile Include="..\..\fellow\cpu\CpuModule_StackFrameGen.cpp">
      <Filter>fellow\cpu</Filter>
    </ClCompile>
    <ClCompile Include="..\..\fellow\automation\Automator.cpp">
      <Filter>fellow\automation</Filter>
    </ClCompile>
    <ClCompile Include="..\..\fellow\automation\Script.cpp">
      <Filter>fellow\automation</Filter>
    </ClCompile>
    <ClCompile Include="..\..\fellow\application\Fellow.c">
      <Filter>fellow\application</Filter>
    </ClCompile>
    <ClCompile Include="..\..\fellow\application\ListTree.cpp">
      <Filter>fellow\application</Filter>
    </ClCompile>
    <ClCompile Include="..\..\fellow\application\modrip.cpp">
      <Filter>fellow\application</Filter>
    </ClCompile>
    <ClCompile Include="..\..\fellow\chipset\Blitter.c">
      <Filter>fellow\chipset</Filter>
    </ClCompile>
    <ClCompile Include="..\..\fellow\chipset\Cia.c">
      <Filter>fellow\chipset</Filter>
    </ClCompile>
    <ClCompile Include="..\..\fellow\chipset\CopperCommon.cpp">
      <Filter>fellow\chipset</Filter>
    </ClCompile>
    <ClCompile Include="..\..\fellow\chipset\draw_interlace_control.cpp">
      <Filter>fellow\chipset</Filter>
    </ClCompile>
    <ClCompile Include="..\..\fellow\chipset\draw_pixelrenderers.cpp">
      <Filter>fellow\chipset</Filter>
    </ClCompile>
    <ClCompile Include="..\..\fellow\chipset\Floppy.c">
      <Filter>fellow\chipset</Filter>
    </ClCompile>
    <ClCompile Include="..\..\fellow\chipset\Gameport.c">
      <Filter>fellow\chipset</Filter>
    </ClCompile>
    <ClCompile Include="..\..\fellow\chipset\Graphics.c">
      <Filter>fellow\chipset</Filter>
    </ClCompile>
    <ClCompile Include="..\..\fellow\chipset\Kbd.c">
      <Filter>fellow\chipset</Filter>
    </ClCompile>
    <ClCompile Include="..\..\fellow\chipset\LineExactCopper.cpp">
      <Filter>fellow\chipset</Filter>
    </ClCompile>
    <ClCompile Include="..\..\fellow\chipset\LineExactSprites.cpp">
      <Filter>fellow\chipset</Filter>
    </ClCompile>
    <ClCompile Include="..\..\fellow\chipset\rtc.cpp">
      <Filter>fellow\chipset</Filter>
    </ClCompile>
    <ClCompile Include="..\..\fellow\chipset\RtcOkiMsm6242rs.cpp">
      <Filter>fellow\chipset</Filter>
    </ClCompile>
    <ClCompile Include="..\..\fellow\chipset\Sound.c">
      <Filter>fellow\chipset</Filter>
    </ClCompile>
    <ClCompile Include="..\..\fellow\chipset\Sprite.c">
      <Filter>fellow\chipset</Filter>
    </ClCompile>
    <ClCompile Include="..\..\fellow\chipset\uart.cpp">
      <Filter>fellow\chipset</Filter>
    </ClCompile>
    <ClCompile Include="..\..\fellow\chipset\Wav.c">
      <Filter>fellow\chipset</Filter>
    </ClCompile>
    <ClCompile Include="..\..\fellow\memory\Memory.c">
      <Filter>fellow\memory</Filter>
    </ClCompile>
    <ClCompile Include="..\..\fellow\application\FellowFilesys.c">
      <Filter>fellow\application</Filter>
    </ClCompile>
    <ClCompile Include="..\..\fellow\application\Interrupt.cpp">
      <Filter>fellow\application</Filter>
    </ClCompile>
    <ClCompile Include="..\..\fellow\libs\xdms\xdmswrap.c">
      <Filter>fellow\libs\xdms</Filter>
    </ClCompile>
    <ClCompile Include="..\..\fellow\libs\xdms\src\crc_csum.c">
      <Filter>fellow\libs\xdms\src</Filter>
    </ClCompile>
    <ClCompile Include="..\..\fellow\libs\xdms\src\getbits.c">
      <Filter>fellow\libs\xdms\src</Filter>
    </ClCompile>
    <ClCompile Include="..\..\fellow\libs\xdms\src\maketbl.c">
      <Filter>fellow\libs\xdms\src</Filter>
    </ClCompile>
    <ClCompile Include="..\..\fellow\libs\xdms\src\pfile.c">
      <Filter>fellow\libs\xdms\src</Filter>
    </ClCompile>
    <ClCompile Include="..\..\fellow\libs\xdms\src\tables.c">
      <Filter>fellow\libs\xdms\src</Filter>
    </ClCompile>
    <ClCompile Include="..\..\fellow\libs\xdms\src\u_deep.c">
      <Filter>fellow\libs\xdms\src</Filter>
    </ClCompile>
    <ClCompile Include="..\..\fellow\libs\xdms\src\u_heavy.c">
      <Filter>fellow\libs\xdms\src</Filter>
    </ClCompile>
    <ClCompile Include="..\..\fellow\libs\xdms\src\u_init.c">
      <Filter>fellow\libs\xdms\src</Filter>
    </ClCompile>
    <ClCompile Include="..\..\fellow\libs\xdms\src\u_medium.c">
      <Filter>fellow\libs\xdms\src</Filter>
    </ClCompile>
    <ClCompile Include="..\..\fellow\libs\xdms\src\u_quick.c">
      <Filter>fellow\libs\xdms\src</Filter>
    </ClCompile>
    <ClCompile Include="..\..\fellow\libs\xdms\src\u_rle.c">
      <Filter>fellow\libs\xdms\src</Filter>
    </ClCompile>
    <ClCompile Include="..\..\fellow\libs\zlib\zlibwrap.c">
      <Filter>fellow\libs\zlib</Filter>
    </ClCompile>
    <ClCompile Include="..\..\fellow\libs\zlib\src\adler32.c">
      <Filter>fellow\libs\zlib\src</Filter>
    </ClCompile>
    <ClCompile Include="..\..\fellow\libs\zlib\src\compress.c">
      <Filter>fellow\libs\zlib\src</Filter>
    </ClCompile>
    <ClCompile Include="..\..\fellow\libs\zlib\src\crc32.c">
      <Filter>fellow\libs\zlib\src</Filter>
    </ClCompile>
    <ClCompile Include="..\..\fellow\libs\zlib\src\deflate.c">
      <Filter>fellow\libs\zlib\src</Filter>
    </ClCompile>
    <ClCompile Include="..\..\fellow\libs\zlib\src\gzclose.c">
      <Filter>fellow\libs\zlib\src</Filter>
    </ClCompile>
    <ClCompile Include="..\..\fellow\libs\zlib\src\gzlib.c">
      <Filter>fellow\libs\zlib\src</Filter>
    </ClCompile>
    <ClCompile Include="..\..\fellow\libs\zlib\src\gzread.c">
      <Filter>fellow\libs\zlib\src</Filter>
    </ClCompile>
    <ClCompile Include="..\..\fellow\libs\zlib\src\gzwrite.c">
      <Filter>fellow\libs\zlib\src</Filter>
    </ClCompile>
    <ClCompile Include="..\..\fellow\libs\zlib\src\infback.c">
      <Filter>fellow\libs\zlib\src</Filter>
    </ClCompile>
    <ClCompile Include="..\..\fellow\libs\zlib\src\inffast.c">
      <Filter>fellow\libs\zlib\src</Filter>
    </ClCompile>
    <ClCompile Include="..\..\fellow\libs\zlib\src\inflate.c">
      <Filter>fellow\libs\zlib\src</Filter>
    </ClCompile>
    <ClCompile Include="..\..\fellow\libs\zlib\src\inftrees.c">
      <Filter>fellow\libs\zlib\src</Filter>
    </ClCompile>
    <ClCompile Include="..\..\fellow\libs\zlib\src\trees.c">
      <Filter>fellow\libs\zlib\src</Filter>
    </ClCompile>
    <ClCompile Include="..\..\fellow\libs\zlib\src\uncompr.c">
      <Filter>fellow\libs\zlib\src</Filter>
    </ClCompile>
    <ClCompile Include="..\..\fellow\libs\zlib\src\zutil.c">
      <Filter>fellow\libs\zlib\src</Filter>
    </ClCompile>
    <ClCompile Include="..\..\fellow\os\windows\gui\commoncontrol_wrap.cpp">
      <Filter>fellow\os\windows\gui</Filter>
    </ClCompile>
    <ClCompile Include="..\..\fellow\os\windows\gui\WDbg.cpp">
      <Filter>fellow\os\windows\gui</Filter>
    </ClCompile>
    <ClCompile Include="..\..\fellow\os\windows\gui\WGui.cpp">
      <Filter>fellow\os\windows\gui</Filter>
    </ClCompile>
    <ClCompile Include="..\..\fellow\os\windows\gui\modrip_win32.cpp">
      <Filter>fellow\os\windows\gui</Filter>
    </ClCompile>
    <ClCompile Include="..\..\fellow\os\windows\graphics\GfxDrvCommon.cpp">
      <Filter>fellow\os\windows\graphics</Filter>
    </ClCompile>
    <ClCompile Include="..\..\fellow\os\windows\graphics\GfxDrvHudLegacy.cpp">
      <Filter>fellow\os\windows\graphics</Filter>
    </ClCompile>
    <ClCompile Include="..\..\fellow\os\windows\graphics\GraphicsDriver.cpp">
      <Filter>fellow\os\windows\graphics</Filter>
    </ClCompile>
    <ClCompile Include="..\..\fellow\os\windows\sound\SoundDriver.cpp">
      <Filter>fellow\os\windows\sound</Filter>
    </ClCompile>
    <ClCompile Include="..\..\fellow\os\windows\timer\PerformanceCounterWin32.cpp">
      <Filter>fellow\os\windows\timer</Filter>
    </ClCompile>
    <ClCompile Include="..\..\fellow\os\windows\timer\Timer.cpp">
      <Filter>fellow\os\windows\timer</Filter>
    </ClCompile>
    <ClCompile Include="..\..\fellow\os\windows\retroplatform\RetroPlatform.cpp">
      <Filter>fellow\os\windows\retroplatform</Filter>
    </ClCompile>
    <ClCompile Include="..\..\fellow\os\windows\retroplatform\RetroPlatformGuestIPC.c">
      <Filter>fellow\os\windows\retroplatform</Filter>
    </ClCompile>
    <ClCompile Include="..\..\fellow\os\windows\application\Ini.cpp">
      <Filter>fellow\os\windows\application</Filter>
    </ClCompile>
    <ClCompile Include="..\..\fellow\os\windows\application\OSServicesFactory.cpp">
      <Filter>fellow\os\windows\application</Filter>
    </ClCompile>
    <ClCompile Include="..\..\fellow\os\windows\application\sysinfo.cpp">
      <Filter>fellow\os\windows\application</Filter>
    </ClCompile>
    <ClCompile Include="..\..\fellow\os\windows\application\WindowsMain.cpp">
      <Filter>fellow\os\windows\application</Filter>
    </ClCompile>
    <ClCompile Include="..\..\fellow\os\windows\caps\caps.c">
      <Filter>fellow\os\windows\caps</Filter>
    </ClCompile>
    <ClCompile Include="..\..\fellow\os\windows\uae\AUTOCONF.C">
      <Filter>fellow\os\windows\uae</Filter>
    </ClCompile>
    <ClCompile Include="..\..\fellow\os\windows\uae\EXPANSIO.C">
      <Filter>fellow\os\windows\uae</Filter>
    </ClCompile>
    <ClCompile Include="..\..\fellow\os\windows\uae\FILESYS.C">
      <Filter>fellow\os\windows\uae</Filter>
    </ClCompile>
    <ClCompile Include="..\..\fellow\os\windows\uae\filesys_win32.c">
      <Filter>fellow\os\windows\uae</Filter>
    </ClCompile>
    <ClCompile Include="..\..\fellow\os\windows\uae\fsdb.c">
      <Filter>fellow\os\windows\uae</Filter>
    </ClCompile>
    <ClCompile Include="..\..\fellow\os\windows\uae\fsdb_win32.c">
      <Filter>fellow\os\windows\uae</Filter>
    </ClCompile>
    <ClCompile Include="..\..\fellow\os\windows\uae\FSUSAGE.C">
      <Filter>fellow\os\windows\uae</Filter>
    </ClCompile>
    <ClCompile Include="..\..\fellow\os\windows\uae\HARDFILE.C">
      <Filter>fellow\os\windows\uae</Filter>
    </ClCompile>
    <ClCompile Include="..\..\fellow\os\windows\uae\UAESUPP.C">
      <Filter>fellow\os\windows\uae</Filter>
    </ClCompile>
  </ItemGroup>
  <ItemGroup>
    <ClInclude Include="..\..\fellow\api\defs.h">
      <Filter>fellow\api</Filter>
    </ClInclude>
    <ClInclude Include="..\..\fellow\api\portable.h">
      <Filter>fellow\api</Filter>
    </ClInclude>
    <ClInclude Include="..\..\fellow\api\Services.h">
      <Filter>fellow\api</Filter>
    </ClInclude>
    <ClInclude Include="..\..\fellow\api\VM.h">
      <Filter>fellow\api</Filter>
    </ClInclude>
    <ClInclude Include="..\..\fellow\api\service\IFSWrapper.h">
      <Filter>fellow\api\service</Filter>
    </ClInclude>
    <ClInclude Include="..\..\fellow\api\service\IHUD.h">
      <Filter>fellow\api\service</Filter>
    </ClInclude>
    <ClInclude Include="..\..\fellow\api\service\ILog.h">
      <Filter>fellow\api\service</Filter>
    </ClInclude>
    <ClInclude Include="..\..\fellow\api\service\IRetroPlatform.h">
      <Filter>fellow\api\service</Filter>
    </ClInclude>
    <ClInclude Include="..\..\fellow\api\vm\IM68K.h">
      <Filter>fellow\api\vm</Filter>
    </ClInclude>
    <ClInclude Include="..\..\fellow\api\vm\IMemorySystem.h">
      <Filter>fellow\api\vm</Filter>
    </ClInclude>
    <ClInclude Include="..\..\fellow\vm\M68K.h">
      <Filter>fellow\vm</Filter>
    </ClInclude>
    <ClInclude Include="..\..\fellow\vm\MemorySystem.h">
      <Filter>fellow\vm</Filter>
    </ClInclude>
    <ClInclude Include="..\..\fellow\service\FSWrapper.h">
      <Filter>fellow\service</Filter>
    </ClInclude>
    <ClInclude Include="..\..\fellow\service\HUD.h">
      <Filter>fellow\service</Filter>
    </ClInclude>
    <ClInclude Include="..\..\fellow\service\Log.h">
      <Filter>fellow\service</Filter>
    </ClInclude>
    <ClInclude Include="..\..\fellow\service\RetroPlatformWrapper.h">
      <Filter>fellow\service</Filter>
    </ClInclude>
    <ClInclude Include="..\..\IPF\CapsAPI.h">
      <Filter>IPF Access API</Filter>
    </ClInclude>
    <ClInclude Include="..\..\IPF\CapsPlug.h">
      <Filter>IPF Access API</Filter>
    </ClInclude>
    <ClInclude Include="..\..\IPF\Comtype.h">
      <Filter>IPF Access API</Filter>
    </ClInclude>
    <ClInclude Include="..\..\test\catch\catch.hpp">
      <Filter>test\catch</Filter>
    </ClInclude>
    <ClInclude Include="..\..\test\catch\CustomCatchMain.h">
      <Filter>test\catch</Filter>
    </ClInclude>
    <ClInclude Include="..\..\fellow\chipset\BitplaneRegisters.h">
      <Filter>fellow\chipset</Filter>
    </ClInclude>
    <ClInclude Include="..\..\fellow\chipset\ChipsetInfo.h">
      <Filter>fellow\chipset</Filter>
    </ClInclude>
    <ClInclude Include="..\..\fellow\chipset\BitplaneDMAFetchPrograms.h">
      <Filter>fellow\chipset</Filter>
    </ClInclude>
    <ClInclude Include="..\..\fellow\chipset\BitplaneDMA.h">
      <Filter>fellow\chipset</Filter>
    </ClInclude>
    <ClInclude Include="..\..\fellow\chipset\DDFStateMachine.h">
      <Filter>fellow\chipset</Filter>
    </ClInclude>
    <ClInclude Include="..\..\fellow\chipset\CycleExactCopper.h">
      <Filter>fellow\chipset</Filter>
    </ClInclude>
    <ClInclude Include="..\..\fellow\chipset\Planar2ChunkyDecoder.h">
      <Filter>fellow\chipset</Filter>
    </ClInclude>
    <ClInclude Include="..\..\fellow\chipset\BitplaneUtility.h">
      <Filter>fellow\chipset</Filter>
    </ClInclude>
    <ClInclude Include="..\..\fellow\chipset\CycleExactSprites.h">
      <Filter>fellow\chipset</Filter>
    </ClInclude>
    <ClInclude Include="..\..\fellow\chipset\DIWXStateMachine.h">
      <Filter>fellow\chipset</Filter>
    </ClInclude>
    <ClInclude Include="..\..\fellow\chipset\DIWYStateMachine.h">
      <Filter>fellow\chipset</Filter>
    </ClInclude>
    <ClInclude Include="..\..\fellow\chipset\BitplaneShifter.h">
      <Filter>fellow\chipset</Filter>
    </ClInclude>
    <ClInclude Include="..\..\fellow\chipset\SpriteDMA.h">
      <Filter>fellow\chipset</Filter>
    </ClInclude>
    <ClInclude Include="..\..\fellow\chipset\SpriteRegisters.h">
      <Filter>fellow\chipset</Filter>
    </ClInclude>
    <ClInclude Include="..\..\fellow\chipset\SpriteMerger.h">
      <Filter>fellow\chipset</Filter>
    </ClInclude>
    <ClInclude Include="..\..\fellow\chipset\SpriteP2CDecoder.h">
      <Filter>fellow\chipset</Filter>
    </ClInclude>
    <ClInclude Include="..\..\fellow\chipset\DualPlayfieldMapper.h">
      <Filter>fellow\chipset</Filter>
    </ClInclude>
    <ClInclude Include="..\..\fellow\chipset\DMAController.h">
      <Filter>fellow\chipset</Filter>
    </ClInclude>
    <ClInclude Include="..\..\test\catch\catch_discover.hpp">
      <Filter>test\catch</Filter>
    </ClInclude>
    <ClInclude Include="..\..\fellow\chipset\ChipsetCallbacks.h">
      <Filter>fellow\chipset</Filter>
    </ClInclude>
    <ClInclude Include="..\..\fellow\api\vm\IClocks.h">
      <Filter>fellow\api\vm</Filter>
    </ClInclude>
    <ClInclude Include="..\..\fellow\vm\Clocks.h">
      <Filter>fellow\vm</Filter>
    </ClInclude>
    <ClInclude Include="..\..\fellow\api\vm\IChipset.h">
      <Filter>fellow\api\vm</Filter>
    </ClInclude>
    <ClInclude Include="..\..\fellow\api\vm\ICopper.h">
      <Filter>fellow\api\vm</Filter>
    </ClInclude>
    <ClInclude Include="..\..\fellow\api\vm\IDisplay.h">
      <Filter>fellow\api\vm</Filter>
    </ClInclude>
    <ClInclude Include="..\..\fellow\vm\Display.h">
      <Filter>fellow\vm</Filter>
    </ClInclude>
    <ClInclude Include="..\..\fellow\vm\Copper.h">
      <Filter>fellow\vm</Filter>
    </ClInclude>
    <ClInclude Include="..\..\fellow\vm\Chipset.h">
      <Filter>fellow\vm</Filter>
    </ClInclude>
    <ClInclude Include="..\..\fellow\chipset\CopperRegisters.h">
      <Filter>fellow\chipset</Filter>
    </ClInclude>
    <ClInclude Include="..\..\fellow\chipset\CopperUtility.h">
      <Filter>fellow\chipset</Filter>
    </ClInclude>
    <ClInclude Include="..\..\fellow\time\Timestamps.h">
      <Filter>fellow\time</Filter>
    </ClInclude>
    <ClInclude Include="..\..\fellow\chipset\HostFrame.h">
      <Filter>fellow\chipset</Filter>
    </ClInclude>
    <ClInclude Include="..\..\fellow\chipset\HostFrameCopier.h">
      <Filter>fellow\chipset</Filter>
    </ClInclude>
    <ClInclude Include="..\..\fellow\chipset\HostFrameDelayedRenderer.h">
      <Filter>fellow\chipset</Filter>
    </ClInclude>
    <ClInclude Include="..\..\fellow\chipset\HostFrameImmediateRenderer.h">
      <Filter>fellow\chipset</Filter>
    </ClInclude>
    <ClInclude Include="..\..\fellow\vm\EventLog.h">
      <Filter>fellow\vm</Filter>
    </ClInclude>
    <ClInclude Include="..\..\fellow\api\vm\IEventLog.h">
      <Filter>fellow\api\vm</Filter>
    </ClInclude>
    <ClInclude Include="..\..\fellow\service\CoreServicesFactory.h">
      <Filter>fellow\service</Filter>
    </ClInclude>
    <ClInclude Include="..\INCLUDE\MSVC\PORTABLE.H">
      <Filter>Win32 C Header Files</Filter>
    </ClInclude>
    <ClInclude Include="..\..\fellow\api\modules\IHardfileHandler.h">
      <Filter>fellow\api\modules</Filter>
    </ClInclude>
    <ClInclude Include="..\..\fellow\debug\commands\DebuggerCommand.h">
      <Filter>fellow\debug\commands</Filter>
    </ClInclude>
    <ClInclude Include="..\..\fellow\debug\commands\DisassembleCommand.h">
      <Filter>fellow\debug\commands</Filter>
    </ClInclude>
    <ClInclude Include="..\..\fellow\debug\commands\MemoryCommand.h">
      <Filter>fellow\debug\commands</Filter>
    </ClInclude>
    <ClInclude Include="..\..\fellow\debug\commands\CPURegisterCommand.h">
      <Filter>fellow\debug\commands</Filter>
    </ClInclude>
    <ClInclude Include="..\..\fellow\hud\HudPropertyProvider.h">
      <Filter>fellow\hud</Filter>
    </ClInclude>
    <ClInclude Include="..\..\fellow\api\configuration\HudConfiguration.h">
      <Filter>fellow\api\configuration</Filter>
    </ClInclude>
    <ClInclude Include="..\..\fellow\debug\commands\MemoryMapCommand.h">
      <Filter>fellow\debug\commands</Filter>
    </ClInclude>
    <ClInclude Include="..\..\fellow\api\vm\MemorySystemTypes.h">
      <Filter>fellow\api\vm</Filter>
    </ClInclude>
    <ClInclude Include="..\..\fellow\debug\commands\ChipsetRegisterCommand.h">
      <Filter>fellow\debug\commands</Filter>
    </ClInclude>
    <ClInclude Include="..\..\fellow\debug\console\ChipsetRegisterHandler.h">
      <Filter>fellow\debug\console</Filter>
    </ClInclude>
    <ClInclude Include="..\..\fellow\debug\console\MemoryMapHandler.h">
      <Filter>fellow\debug\console</Filter>
    </ClInclude>
    <ClInclude Include="..\..\fellow\debug\console\CPURegisterHandler.h">
      <Filter>fellow\debug\console</Filter>
    </ClInclude>
    <ClInclude Include="..\..\fellow\debug\console\DisassembleHandler.h">
      <Filter>fellow\debug\console</Filter>
    </ClInclude>
    <ClInclude Include="..\..\fellow\debug\console\MemoryHandler.h">
      <Filter>fellow\debug\console</Filter>
    </ClInclude>
    <ClInclude Include="..\..\fellow\debug\console\HelpHandler.h">
      <Filter>fellow\debug\console</Filter>
    </ClInclude>
    <ClInclude Include="..\..\fellow\debug\console\ConsoleCommandHandler.h">
      <Filter>fellow\debug\console</Filter>
    </ClInclude>
    <ClInclude Include="..\..\fellow\debug\console\ConsoleDebugger.h">
      <Filter>fellow\debug\console</Filter>
    </ClInclude>
    <ClInclude Include="..\..\fellow\debug\console\DebugWriter.h">
      <Filter>fellow\debug\console</Filter>
    </ClInclude>
    <ClInclude Include="..\..\fellow\debug\console\ParameterUtils.h">
      <Filter>fellow\debug\console</Filter>
    </ClInclude>
    <ClInclude Include="..\..\fellow\api\service\IFileops.h">
      <Filter>fellow\api\service</Filter>
    </ClInclude>
    <ClInclude Include="..\..\fellow\api\service\IPerformanceCounter.h">
      <Filter>fellow\api\service</Filter>
    </ClInclude>
    <ClInclude Include="..\..\fellow\scheduler\Scheduler.h">
      <Filter>fellow\scheduler</Filter>
    </ClInclude>
    <ClInclude Include="..\..\fellow\scheduler\SchedulerQueue.h">
      <Filter>fellow\scheduler</Filter>
    </ClInclude>
    <ClInclude Include="..\..\fellow\scheduler\SchedulerEvent.h">
      <Filter>fellow\scheduler</Filter>
    </ClInclude>
    <ClInclude Include="..\..\fellow\debug\commands\CPUStepCommand.h">
      <Filter>fellow\debug\commands</Filter>
    </ClInclude>
    <ClInclude Include="..\..\fellow\debug\console\CPUStepHandler.h">
      <Filter>fellow\debug\console</Filter>
    </ClInclude>
    <ClInclude Include="..\..\fellow\debug\console\CPUWriterUtils.h">
      <Filter>fellow\debug\console</Filter>
    </ClInclude>
    <ClInclude Include="..\..\fellow\os\windows\directdraw\GfxDrvDirectDraw.h">
      <Filter>fellow\os\windows\directdraw</Filter>
    </ClInclude>
    <ClInclude Include="..\..\fellow\os\windows\dxgi\GfxDrvDXGI.h">
      <Filter>fellow\os\windows\dxgi</Filter>
    </ClInclude>
    <ClInclude Include="..\..\fellow\os\windows\dxgi\GfxDrvDXGIAdapter.h">
      <Filter>fellow\os\windows\dxgi</Filter>
    </ClInclude>
    <ClInclude Include="..\..\fellow\os\windows\dxgi\GfxDrvDXGIAdapterEnumerator.h">
      <Filter>fellow\os\windows\dxgi</Filter>
    </ClInclude>
    <ClInclude Include="..\..\fellow\os\windows\dxgi\GfxDrvDXGIAmigaScreenRenderer.h">
      <Filter>fellow\os\windows\dxgi</Filter>
    </ClInclude>
    <ClInclude Include="..\..\fellow\os\windows\dxgi\GfxDrvDXGIAmigaScreenTexture.h">
      <Filter>fellow\os\windows\dxgi</Filter>
    </ClInclude>
    <ClInclude Include="..\..\fellow\os\windows\dxgi\GfxDrvDXGIErrorLogger.h">
      <Filter>fellow\os\windows\dxgi</Filter>
    </ClInclude>
    <ClInclude Include="..\..\fellow\os\windows\dxgi\GfxDrvDXGIHudD2D1_1.h">
      <Filter>fellow\os\windows\dxgi</Filter>
    </ClInclude>
    <ClInclude Include="..\..\fellow\os\windows\dxgi\GfxDrvDXGIMode.h">
      <Filter>fellow\os\windows\dxgi</Filter>
    </ClInclude>
    <ClInclude Include="..\..\fellow\os\windows\dxgi\GfxDrvDXGIModeEnumerator.h">
      <Filter>fellow\os\windows\dxgi</Filter>
    </ClInclude>
    <ClInclude Include="..\..\fellow\os\windows\dxgi\GfxDrvDXGIOutput.h">
      <Filter>fellow\os\windows\dxgi</Filter>
    </ClInclude>
    <ClInclude Include="..\..\fellow\os\windows\dxgi\GfxDrvDXGIOutputEnumerator.h">
      <Filter>fellow\os\windows\dxgi</Filter>
    </ClInclude>
    <ClInclude Include="..\..\fellow\os\windows\dxgi\GfxDrvDXGIUtils.h">
      <Filter>fellow\os\windows\dxgi</Filter>
    </ClInclude>
    <ClInclude Include="..\..\fellow\os\windows\dxgi\GfxDrvHudD2D1.h">
      <Filter>fellow\os\windows\dxgi</Filter>
    </ClInclude>
    <ClInclude Include="..\..\fellow\os\windows\dxgi\PixelShader.h">
      <Filter>fellow\os\windows\dxgi</Filter>
    </ClInclude>
    <ClInclude Include="..\..\fellow\os\windows\dxgi\VertexShader.h">
      <Filter>fellow\os\windows\dxgi</Filter>
    </ClInclude>
    <ClInclude Include="..\..\fellow\os\windows\directdraw\GfxDrvDCScreenshot.h">
      <Filter>fellow\os\windows\directdraw</Filter>
    </ClInclude>
    <ClInclude Include="..\..\fellow\configuration\Configuration.h">
      <Filter>fellow\configuration</Filter>
    </ClInclude>
    <ClInclude Include="..\..\fellow\configuration\HostRenderConfigurationMapper.h">
      <Filter>fellow\configuration</Filter>
    </ClInclude>
    <ClInclude Include="..\..\fellow\application\HostRenderer.h">
      <Filter>fellow\application</Filter>
    </ClInclude>
    <ClInclude Include="..\..\fellow\application\HostRenderRuntimeSettings.h">
      <Filter>fellow\application</Filter>
    </ClInclude>
    <ClInclude Include="..\..\fellow\application\HostRenderConfiguration.h">
      <Filter>fellow\application</Filter>
    </ClInclude>
    <ClInclude Include="..\..\fellow\application\DisplayMode.h">
      <Filter>fellow\application</Filter>
    </ClInclude>
    <ClInclude Include="..\..\fellow\application\DrawDimensionTypes.h">
      <Filter>fellow\application</Filter>
    </ClInclude>
    <ClInclude Include="..\..\fellow\application\HostRenderStatistics.h">
      <Filter>fellow\application</Filter>
    </ClInclude>
    <ClInclude Include="..\..\fellow\application\IFpsProvider.h">
      <Filter>fellow\application</Filter>
    </ClInclude>
    <ClInclude Include="..\..\fellow\os\windows\directdraw\DirectDrawDevice.h">
      <Filter>fellow\os\windows\directdraw</Filter>
    </ClInclude>
    <ClInclude Include="..\..\fellow\os\windows\directdraw\DirectDrawErrorLogger.h">
      <Filter>fellow\os\windows\directdraw</Filter>
    </ClInclude>
    <ClInclude Include="..\..\fellow\debug\console\LogHandler.h">
      <Filter>fellow\debug\console</Filter>
    </ClInclude>
    <ClInclude Include="..\..\fellow\debug\commands\LogCommand.h">
      <Filter>fellow\debug\commands</Filter>
    </ClInclude>
    <ClInclude Include="..\..\fellow\debug\log\BitplaneShifterLogEntry.h">
      <Filter>fellow\debug\log</Filter>
    </ClInclude>
    <ClInclude Include="..\..\fellow\debug\log\ChipBusLogEntry.h">
      <Filter>fellow\debug\log</Filter>
    </ClInclude>
    <ClInclude Include="..\..\fellow\debug\log\DebugLogEntry.h">
      <Filter>fellow\debug\log</Filter>
    </ClInclude>
    <ClInclude Include="..\..\fellow\debug\log\DebugLogHandler.h">
      <Filter>fellow\debug\log</Filter>
    </ClInclude>
    <ClInclude Include="..\..\fellow\debug\log\DIWXLogEntry.h">
      <Filter>fellow\debug\log</Filter>
    </ClInclude>
    <ClInclude Include="..\..\fellow\debug\log\DIWYLogEntry.h">
      <Filter>fellow\debug\log</Filter>
    </ClInclude>
    <ClInclude Include="..\..\fellow\debug\log\EventQueueLogEntry.h">
      <Filter>fellow\debug\log</Filter>
    </ClInclude>
    <ClInclude Include="..\..\fellow\os\windows\debugger\ConsoleDebuggerHost.h">
      <Filter>fellow\os\windows\debugger</Filter>
    </ClInclude>
    <ClInclude Include="..\..\fellow\os\windows\io\FileopsWin32.h">
      <Filter>fellow\os\windows\io</Filter>
    </ClInclude>
    <ClInclude Include="..\..\fellow\os\windows\io\FSWrapStat.h">
      <Filter>fellow\os\windows\io</Filter>
    </ClInclude>
    <ClInclude Include="..\..\fellow\os\windows\io\Keyparser.h">
      <Filter>fellow\os\windows\io</Filter>
    </ClInclude>
    <ClInclude Include="..\..\fellow\debug\log\LineChangeLogEntry.h">
      <Filter>fellow\debug\log</Filter>
    </ClInclude>
    <ClInclude Include="..\..\fellow\cpu\CpuIntegration.h">
      <Filter>fellow\cpu</Filter>
    </ClInclude>
    <ClInclude Include="..\..\fellow\cpu\CpuModule.h">
      <Filter>fellow\cpu</Filter>
    </ClInclude>
    <ClInclude Include="..\..\fellow\cpu\CpuModule_Code.h">
      <Filter>fellow\cpu</Filter>
    </ClInclude>
    <ClInclude Include="..\..\fellow\cpu\CpuModule_Data.h">
      <Filter>fellow\cpu</Filter>
    </ClInclude>
    <ClInclude Include="..\..\fellow\cpu\CpuModule_Decl.h">
      <Filter>fellow\cpu</Filter>
    </ClInclude>
    <ClInclude Include="..\..\fellow\cpu\CpuModule_Disassembler.h">
      <Filter>fellow\cpu</Filter>
    </ClInclude>
    <ClInclude Include="..\..\fellow\cpu\CpuModule_DisassemblerFunc.h">
      <Filter>fellow\cpu</Filter>
    </ClInclude>
    <ClInclude Include="..\..\fellow\cpu\CpuModule_Internal.h">
      <Filter>fellow\cpu</Filter>
    </ClInclude>
    <ClInclude Include="..\..\fellow\cpu\CpuModule_Memory.h">
      <Filter>fellow\cpu</Filter>
    </ClInclude>
    <ClInclude Include="..\..\fellow\cpu\CpuModule_Profile.h">
      <Filter>fellow\cpu</Filter>
    </ClInclude>
    <ClInclude Include="..\..\fellow\automation\Automator.h">
      <Filter>fellow\automation</Filter>
    </ClInclude>
    <ClInclude Include="..\..\fellow\automation\Script.h">
      <Filter>fellow\automation</Filter>
    </ClInclude>
    <ClInclude Include="..\..\fellow\application\Fellow.h">
      <Filter>fellow\application</Filter>
    </ClInclude>
    <ClInclude Include="..\..\fellow\application\Gameport.h">
      <Filter>fellow\application</Filter>
    </ClInclude>
    <ClInclude Include="..\..\fellow\application\GraphicsDriver.h">
      <Filter>fellow\application</Filter>
    </ClInclude>
    <ClInclude Include="..\..\fellow\application\GfxDrvColorBitsInformation.h">
      <Filter>fellow\application</Filter>
    </ClInclude>
    <ClInclude Include="..\..\fellow\application\GfxDrvMappedBufferPointer.h">
      <Filter>fellow\application</Filter>
    </ClInclude>
    <ClInclude Include="..\..\fellow\application\JoystickDriver.h">
      <Filter>fellow\application</Filter>
    </ClInclude>
    <ClInclude Include="..\..\fellow\application\KeyboardDriver.h">
      <Filter>fellow\application</Filter>
    </ClInclude>
    <ClInclude Include="..\..\fellow\application\ListTree.h">
      <Filter>fellow\application</Filter>
    </ClInclude>
    <ClInclude Include="..\..\fellow\application\MouseDriver.h">
      <Filter>fellow\application</Filter>
    </ClInclude>
    <ClInclude Include="..\..\fellow\application\SoundDriver.h">
      <Filter>fellow\application</Filter>
    </ClInclude>
    <ClInclude Include="..\..\fellow\application\Timer.h">
      <Filter>fellow\application</Filter>
    </ClInclude>
    <ClInclude Include="..\..\fellow\application\WGui.h">
      <Filter>fellow\application</Filter>
    </ClInclude>
    <ClInclude Include="..\..\fellow\chipset\Blitter.h">
      <Filter>fellow\chipset</Filter>
    </ClInclude>
    <ClInclude Include="..\..\fellow\chipset\ChipsetBufferRuntimeSettings.h">
      <Filter>fellow\chipset</Filter>
    </ClInclude>
    <ClInclude Include="..\..\fellow\chipset\Cia.h">
      <Filter>fellow\chipset</Filter>
    </ClInclude>
    <ClInclude Include="..\..\fellow\chipset\CopperCommon.h">
      <Filter>fellow\chipset</Filter>
    </ClInclude>
    <ClInclude Include="..\..\fellow\chipset\draw_interlace_control.h">
      <Filter>fellow\chipset</Filter>
    </ClInclude>
    <ClInclude Include="..\..\fellow\chipset\draw_pixelrenderers.h">
      <Filter>fellow\chipset</Filter>
    </ClInclude>
    <ClInclude Include="..\..\fellow\chipset\EventId.h">
      <Filter>fellow\chipset</Filter>
    </ClInclude>
    <ClInclude Include="..\..\fellow\chipset\Floppy.h">
      <Filter>fellow\chipset</Filter>
    </ClInclude>
    <ClInclude Include="..\..\fellow\chipset\Fonts.h">
      <Filter>fellow\chipset</Filter>
    </ClInclude>
    <ClInclude Include="..\..\fellow\chipset\Graphics.h">
      <Filter>fellow\chipset</Filter>
    </ClInclude>
    <ClInclude Include="..\..\fellow\chipset\Kbd.h">
      <Filter>fellow\chipset</Filter>
    </ClInclude>
    <ClInclude Include="..\..\fellow\chipset\Keycodes.h">
      <Filter>fellow\chipset</Filter>
    </ClInclude>
    <ClInclude Include="..\..\fellow\chipset\LineExactCopper.h">
      <Filter>fellow\chipset</Filter>
    </ClInclude>
    <ClInclude Include="..\..\fellow\chipset\LineExactSprites.h">
      <Filter>fellow\chipset</Filter>
    </ClInclude>
    <ClInclude Include="..\..\fellow\chipset\MappedChipsetFramebuffer.h">
      <Filter>fellow\chipset</Filter>
    </ClInclude>
    <ClInclude Include="..\..\fellow\chipset\rtc.h">
      <Filter>fellow\chipset</Filter>
    </ClInclude>
    <ClInclude Include="..\..\fellow\chipset\RtcOkiMsm6242rs.h">
      <Filter>fellow\chipset</Filter>
    </ClInclude>
    <ClInclude Include="..\..\fellow\chipset\Sound.h">
      <Filter>fellow\chipset</Filter>
    </ClInclude>
    <ClInclude Include="..\..\fellow\chipset\Sprite.h">
      <Filter>fellow\chipset</Filter>
    </ClInclude>
    <ClInclude Include="..\..\fellow\chipset\uart.h">
      <Filter>fellow\chipset</Filter>
    </ClInclude>
    <ClInclude Include="..\..\fellow\chipset\Wav.h">
      <Filter>fellow\chipset</Filter>
    </ClInclude>
    <ClInclude Include="..\..\fellow\memory\Memory.h">
      <Filter>fellow\memory</Filter>
    </ClInclude>
    <ClInclude Include="..\..\fellow\application\FellowFilesys.h">
      <Filter>fellow\application</Filter>
    </ClInclude>
    <ClInclude Include="..\..\fellow\application\FsNavig.h">
      <Filter>fellow\application</Filter>
    </ClInclude>
    <ClInclude Include="..\..\fellow\application\Ini.h">
      <Filter>fellow\application</Filter>
    </ClInclude>
    <ClInclude Include="..\..\fellow\application\Interrupt.h">
      <Filter>fellow\application</Filter>
    </ClInclude>
    <ClInclude Include="..\..\fellow\application\modrip.h">
      <Filter>fellow\application</Filter>
    </ClInclude>
    <ClInclude Include="..\..\fellow\libs\xdms\src\cdata.h">
      <Filter>fellow\libs\xdms\src</Filter>
    </ClInclude>
    <ClInclude Include="..\..\fellow\libs\xdms\src\crc_csum.h">
      <Filter>fellow\libs\xdms\src</Filter>
    </ClInclude>
    <ClInclude Include="..\..\fellow\libs\xdms\src\getbits.h">
      <Filter>fellow\libs\xdms\src</Filter>
    </ClInclude>
    <ClInclude Include="..\..\fellow\libs\xdms\src\maketbl.h">
      <Filter>fellow\libs\xdms\src</Filter>
    </ClInclude>
    <ClInclude Include="..\..\fellow\libs\xdms\src\pfile.h">
      <Filter>fellow\libs\xdms\src</Filter>
    </ClInclude>
    <ClInclude Include="..\..\fellow\libs\xdms\src\tables.h">
      <Filter>fellow\libs\xdms\src</Filter>
    </ClInclude>
    <ClInclude Include="..\..\fellow\libs\xdms\src\u_deep.h">
      <Filter>fellow\libs\xdms\src</Filter>
    </ClInclude>
    <ClInclude Include="..\..\fellow\libs\xdms\src\u_heavy.h">
      <Filter>fellow\libs\xdms\src</Filter>
    </ClInclude>
    <ClInclude Include="..\..\fellow\libs\xdms\src\u_init.h">
      <Filter>fellow\libs\xdms\src</Filter>
    </ClInclude>
    <ClInclude Include="..\..\fellow\libs\xdms\src\u_medium.h">
      <Filter>fellow\libs\xdms\src</Filter>
    </ClInclude>
    <ClInclude Include="..\..\fellow\libs\xdms\src\u_quick.h">
      <Filter>fellow\libs\xdms\src</Filter>
    </ClInclude>
    <ClInclude Include="..\..\fellow\libs\xdms\src\u_rle.h">
      <Filter>fellow\libs\xdms\src</Filter>
    </ClInclude>
    <ClInclude Include="..\..\fellow\libs\xdms\src\xdms.h">
      <Filter>fellow\libs\xdms\src</Filter>
    </ClInclude>
    <ClInclude Include="..\..\fellow\libs\zlib\src\crc32.h">
      <Filter>fellow\libs\zlib\src</Filter>
    </ClInclude>
    <ClInclude Include="..\..\fellow\libs\zlib\src\deflate.h">
      <Filter>fellow\libs\zlib\src</Filter>
    </ClInclude>
    <ClInclude Include="..\..\fellow\libs\zlib\src\gzguts.h">
      <Filter>fellow\libs\zlib\src</Filter>
    </ClInclude>
    <ClInclude Include="..\..\fellow\libs\zlib\src\inffast.h">
      <Filter>fellow\libs\zlib\src</Filter>
    </ClInclude>
    <ClInclude Include="..\..\fellow\libs\zlib\src\inffixed.h">
      <Filter>fellow\libs\zlib\src</Filter>
    </ClInclude>
    <ClInclude Include="..\..\fellow\libs\zlib\src\inflate.h">
      <Filter>fellow\libs\zlib\src</Filter>
    </ClInclude>
    <ClInclude Include="..\..\fellow\libs\zlib\src\inftrees.h">
      <Filter>fellow\libs\zlib\src</Filter>
    </ClInclude>
    <ClInclude Include="..\..\fellow\libs\zlib\src\trees.h">
      <Filter>fellow\libs\zlib\src</Filter>
    </ClInclude>
    <ClInclude Include="..\..\fellow\libs\zlib\src\zconf.h">
      <Filter>fellow\libs\zlib\src</Filter>
    </ClInclude>
    <ClInclude Include="..\..\fellow\libs\zlib\src\zlib.h">
      <Filter>fellow\libs\zlib\src</Filter>
    </ClInclude>
    <ClInclude Include="..\..\fellow\libs\zlib\src\zutil.h">
      <Filter>fellow\libs\zlib\src</Filter>
    </ClInclude>
    <ClInclude Include="..\..\fellow\libs\zlib\zlibwrap.h">
      <Filter>fellow\libs\zlib</Filter>
    </ClInclude>
    <ClInclude Include="..\..\fellow\os\windows\gui\commoncontrol_wrap.h">
      <Filter>fellow\os\windows\gui</Filter>
    </ClInclude>
    <ClInclude Include="..\..\fellow\os\windows\gui\WDbg.h">
      <Filter>fellow\os\windows\gui</Filter>
    </ClInclude>
    <ClInclude Include="..\..\fellow\os\windows\gui\wgui_win32.h">
      <Filter>fellow\os\windows\gui</Filter>
    </ClInclude>
    <ClInclude Include="..\..\fellow\os\windows\gui\modrip_win32.h">
      <Filter>fellow\os\windows\gui</Filter>
    </ClInclude>
    <ClInclude Include="..\..\fellow\os\windows\graphics\GfxDrvCommon.h">
      <Filter>fellow\os\windows\graphics</Filter>
    </ClInclude>
    <ClInclude Include="..\..\fellow\os\windows\graphics\GfxDrvHudLegacy.h">
      <Filter>fellow\os\windows\graphics</Filter>
    </ClInclude>
    <ClInclude Include="..\..\fellow\os\windows\timer\PerformanceCounterWin32.h">
      <Filter>fellow\os\windows\timer</Filter>
    </ClInclude>
    <ClInclude Include="..\..\fellow\os\windows\retroplatform\RetroPlatform.h">
      <Filter>fellow\os\windows\retroplatform</Filter>
    </ClInclude>
    <ClInclude Include="..\..\fellow\os\windows\retroplatform\RetroPlatformGuestIPC.h">
      <Filter>fellow\os\windows\retroplatform</Filter>
    </ClInclude>
    <ClInclude Include="..\..\fellow\os\windows\retroplatform\RetroPlatformIPC.h">
      <Filter>fellow\os\windows\retroplatform</Filter>
    </ClInclude>
    <ClInclude Include="..\..\fellow\os\windows\application\OSServicesFactory.h">
      <Filter>fellow\os\windows\application</Filter>
    </ClInclude>
    <ClInclude Include="..\..\fellow\os\windows\application\sysinfo.h">
      <Filter>fellow\os\windows\application</Filter>
    </ClInclude>
    <ClInclude Include="..\..\fellow\os\windows\application\versioninfo-wcrev.h">
      <Filter>fellow\os\windows\application</Filter>
    </ClInclude>
    <ClInclude Include="..\..\fellow\os\windows\application\WindowsDriver.h">
      <Filter>fellow\os\windows\application</Filter>
    </ClInclude>
    <ClInclude Include="..\..\fellow\os\windows\caps\caps.h">
      <Filter>fellow\os\windows\caps</Filter>
    </ClInclude>
    <ClInclude Include="..\..\fellow\os\windows\uae\AUTOCONF.H">
      <Filter>fellow\os\windows\uae</Filter>
    </ClInclude>
    <ClInclude Include="..\..\fellow\os\windows\uae\EXECLIB.H">
      <Filter>fellow\os\windows\uae</Filter>
    </ClInclude>
    <ClInclude Include="..\..\fellow\os\windows\uae\FILESYS.H">
      <Filter>fellow\os\windows\uae</Filter>
    </ClInclude>
    <ClInclude Include="..\..\fellow\os\windows\uae\filesys_win32.h">
      <Filter>fellow\os\windows\uae</Filter>
    </ClInclude>
    <ClInclude Include="..\..\fellow\os\windows\uae\fsdb.h">
      <Filter>fellow\os\windows\uae</Filter>
    </ClInclude>
    <ClInclude Include="..\..\fellow\os\windows\uae\FSUSAGE.H">
      <Filter>fellow\os\windows\uae</Filter>
    </ClInclude>
    <ClInclude Include="..\..\fellow\os\windows\uae\PENGUIN.H">
      <Filter>fellow\os\windows\uae</Filter>
    </ClInclude>
    <ClInclude Include="..\..\fellow\os\windows\uae\POSIXEMU.H">
      <Filter>fellow\os\windows\uae</Filter>
    </ClInclude>
    <ClInclude Include="..\..\fellow\os\windows\uae\UAE2FELL.H">
      <Filter>fellow\os\windows\uae</Filter>
    </ClInclude>
    <ClInclude Include="..\..\fellow\os\windows\uae\UAEFSYS.H">
      <Filter>fellow\os\windows\uae</Filter>
    </ClInclude>
    <ClInclude Include="..\..\fellow\api\versioninfo.h">
      <Filter>fellow\api</Filter>
    </ClInclude>
    <ClInclude Include="..\..\fellow\os\windows\gui\gui_general.h">
      <Filter>fellow\os\windows\gui</Filter>
    </ClInclude>
    <ClInclude Include="..\..\fellow\os\windows\gui\GUI_versioninfo.h">
      <Filter>fellow\os\windows\gui</Filter>
    </ClInclude>
  </ItemGroup>
  <ItemGroup>
    <None Include="WinFellow.ruleset" />
    <None Include="..\..\fellow\libs\zlib\README">
      <Filter>fellow\libs\zlib</Filter>
    </None>
  </ItemGroup>
  <ItemGroup>
    <FxCompile Include="..\..\fellow\os\windows\dxgi\PixelShader.hlsl">
      <Filter>fellow\os\windows\dxgi</Filter>
    </FxCompile>
    <FxCompile Include="..\..\fellow\os\windows\dxgi\VertexShader.hlsl">
      <Filter>fellow\os\windows\dxgi</Filter>
    </FxCompile>
  </ItemGroup>
  <ItemGroup>
    <Text Include="..\..\fellow\libs\xdms\xdms.txt">
      <Filter>fellow\libs\xdms</Filter>
    </Text>
    <Text Include="..\..\fellow\os\windows\uae\readme.txt">
      <Filter>fellow\os\windows\uae</Filter>
    </Text>
  </ItemGroup>
  <ItemGroup>
    <Image Include="..\..\fellow\os\windows\gui\icons\arrow.bmp">
      <Filter>fellow\os\windows\gui\icons</Filter>
    </Image>
    <Image Include="..\..\fellow\os\windows\gui\icons\cpu.ico">
      <Filter>fellow\os\windows\gui\icons</Filter>
    </Image>
    <Image Include="..\..\fellow\os\windows\gui\icons\dfloppy.ico">
      <Filter>fellow\os\windows\gui\icons</Filter>
    </Image>
    <Image Include="..\..\fellow\os\windows\gui\icons\display.ico">
      <Filter>fellow\os\windows\gui\icons</Filter>
    </Image>
    <Image Include="..\..\fellow\os\windows\gui\icons\filesystem.ico">
      <Filter>fellow\os\windows\gui\icons</Filter>
    </Image>
    <Image Include="..\..\fellow\os\windows\gui\icons\floppy.ico">
      <Filter>fellow\os\windows\gui\icons</Filter>
    </Image>
    <Image Include="..\..\fellow\os\windows\gui\icons\harddrives.ico">
      <Filter>fellow\os\windows\gui\icons</Filter>
    </Image>
    <Image Include="..\..\fellow\os\windows\gui\icons\sound.ico">
      <Filter>fellow\os\windows\gui\icons</Filter>
    </Image>
    <Image Include="..\..\fellow\os\windows\gui\icons\winfellow.ico">
      <Filter>fellow\os\windows\gui\icons</Filter>
    </Image>
    <Image Include="..\..\fellow\os\windows\gui\bitmaps\disk_led_disabled_cool.bmp">
      <Filter>fellow\os\windows\gui\bitmaps</Filter>
    </Image>
    <Image Include="..\..\fellow\os\windows\gui\bitmaps\disk_led_off_cool.bmp">
      <Filter>fellow\os\windows\gui\bitmaps</Filter>
    </Image>
    <Image Include="..\..\fellow\os\windows\gui\bitmaps\disk_led_on_cool.bmp">
      <Filter>fellow\os\windows\gui\bitmaps</Filter>
    </Image>
    <Image Include="..\..\fellow\os\windows\gui\bitmaps\power_led_off_cool.bmp">
      <Filter>fellow\os\windows\gui\bitmaps</Filter>
    </Image>
    <Image Include="..\..\fellow\os\windows\gui\bitmaps\power_led_on_cool.bmp">
      <Filter>fellow\os\windows\gui\bitmaps</Filter>
    </Image>
    <Image Include="..\..\fellow\os\windows\gui\bitmaps\winfellow_logo_small.bmp">
      <Filter>fellow\os\windows\gui\bitmaps</Filter>
    </Image>
  </ItemGroup>
  <ItemGroup>
    <ResourceCompile Include="..\..\fellow\os\windows\gui\GUI_general.rc">
      <Filter>fellow\os\windows\gui</Filter>
    </ResourceCompile>
    <ResourceCompile Include="..\..\fellow\os\windows\gui\GUI_versioninfo.rc">
      <Filter>fellow\os\windows\gui</Filter>
    </ResourceCompile>
  </ItemGroup>
</Project>